// !$*UTF8*$!
{
	archiveVersion = 1;
	classes = {
	};
	objectVersion = 46;
	objects = {

/* Begin PBXBuildFile section */
		A700765C1ACA47DB00ABF9BE /* baby@3x.png in Resources */ = {isa = PBXBuildFile; fileRef = A70076351ACA47DB00ABF9BE /* baby@3x.png */; };
		A700765D1ACA47DB00ABF9BE /* bar_o@3x.png in Resources */ = {isa = PBXBuildFile; fileRef = A70076361ACA47DB00ABF9BE /* bar_o@3x.png */; };
		A700765E1ACA47DB00ABF9BE /* beauty@3x.png in Resources */ = {isa = PBXBuildFile; fileRef = A70076371ACA47DB00ABF9BE /* beauty@3x.png */; };
		A700765F1ACA47DB00ABF9BE /* book_menu_u@3x.png in Resources */ = {isa = PBXBuildFile; fileRef = A70076381ACA47DB00ABF9BE /* book_menu_u@3x.png */; };
		A70076601ACA47DB00ABF9BE /* booking_u@3x.png in Resources */ = {isa = PBXBuildFile; fileRef = A70076391ACA47DB00ABF9BE /* booking_u@3x.png */; };
		A70076611ACA47DB00ABF9BE /* coffee@3x.png in Resources */ = {isa = PBXBuildFile; fileRef = A700763A1ACA47DB00ABF9BE /* coffee@3x.png */; };
		A70076621ACA47DB00ABF9BE /* discount_u@3x.png in Resources */ = {isa = PBXBuildFile; fileRef = A700763B1ACA47DB00ABF9BE /* discount_u@3x.png */; };
		A70076631ACA47DB00ABF9BE /* film_u@3x.png in Resources */ = {isa = PBXBuildFile; fileRef = A700763C1ACA47DB00ABF9BE /* film_u@3x.png */; };
		A70076641ACA47DB00ABF9BE /* food_u@3x.png in Resources */ = {isa = PBXBuildFile; fileRef = A700763D1ACA47DB00ABF9BE /* food_u@3x.png */; };
		A70076651ACA47DB00ABF9BE /* footer@3x.png in Resources */ = {isa = PBXBuildFile; fileRef = A700763E1ACA47DB00ABF9BE /* footer@3x.png */; };
		A70076661ACA47DB00ABF9BE /* groupon_u@3x.png in Resources */ = {isa = PBXBuildFile; fileRef = A700763F1ACA47DB00ABF9BE /* groupon_u@3x.png */; };
		A70076671ACA47DB00ABF9BE /* home_footbar_icon_dianping@2x.png in Resources */ = {isa = PBXBuildFile; fileRef = A70076401ACA47DB00ABF9BE /* home_footbar_icon_dianping@2x.png */; };
		A70076681ACA47DB00ABF9BE /* home_footbar_icon_dianping@3x.png in Resources */ = {isa = PBXBuildFile; fileRef = A70076411ACA47DB00ABF9BE /* home_footbar_icon_dianping@3x.png */; };
		A70076691ACA47DB00ABF9BE /* home_footbar_icon_dianping_pressed@2x.png in Resources */ = {isa = PBXBuildFile; fileRef = A70076421ACA47DB00ABF9BE /* home_footbar_icon_dianping_pressed@2x.png */; };
		A700766A1ACA47DB00ABF9BE /* home_footbar_icon_dianping_pressed@3x.png in Resources */ = {isa = PBXBuildFile; fileRef = A70076431ACA47DB00ABF9BE /* home_footbar_icon_dianping_pressed@3x.png */; };
		A700766B1ACA47DB00ABF9BE /* home_footbar_icon_found@2x.png in Resources */ = {isa = PBXBuildFile; fileRef = A70076441ACA47DB00ABF9BE /* home_footbar_icon_found@2x.png */; };
		A700766C1ACA47DB00ABF9BE /* home_footbar_icon_found@3x.png in Resources */ = {isa = PBXBuildFile; fileRef = A70076451ACA47DB00ABF9BE /* home_footbar_icon_found@3x.png */; };
		A700766D1ACA47DB00ABF9BE /* home_footbar_icon_found_pressed@2x.png in Resources */ = {isa = PBXBuildFile; fileRef = A70076461ACA47DB00ABF9BE /* home_footbar_icon_found_pressed@2x.png */; };
		A700766E1ACA47DB00ABF9BE /* home_footbar_icon_found_pressed@3x.png in Resources */ = {isa = PBXBuildFile; fileRef = A70076471ACA47DB00ABF9BE /* home_footbar_icon_found_pressed@3x.png */; };
		A700766F1ACA47DB00ABF9BE /* home_footbar_icon_group@2x.png in Resources */ = {isa = PBXBuildFile; fileRef = A70076481ACA47DB00ABF9BE /* home_footbar_icon_group@2x.png */; };
		A70076701ACA47DB00ABF9BE /* home_footbar_icon_group@3x.png in Resources */ = {isa = PBXBuildFile; fileRef = A70076491ACA47DB00ABF9BE /* home_footbar_icon_group@3x.png */; };
		A70076711ACA47DB00ABF9BE /* home_footbar_icon_group_pressed@2x.png in Resources */ = {isa = PBXBuildFile; fileRef = A700764A1ACA47DB00ABF9BE /* home_footbar_icon_group_pressed@2x.png */; };
		A70076721ACA47DB00ABF9BE /* home_footbar_icon_group_pressed@3x.png in Resources */ = {isa = PBXBuildFile; fileRef = A700764B1ACA47DB00ABF9BE /* home_footbar_icon_group_pressed@3x.png */; };
		A70076731ACA47DB00ABF9BE /* home_footbar_icon_my@2x.png in Resources */ = {isa = PBXBuildFile; fileRef = A700764C1ACA47DB00ABF9BE /* home_footbar_icon_my@2x.png */; };
		A70076741ACA47DB00ABF9BE /* home_footbar_icon_my@3x.png in Resources */ = {isa = PBXBuildFile; fileRef = A700764D1ACA47DB00ABF9BE /* home_footbar_icon_my@3x.png */; };
		A70076751ACA47DB00ABF9BE /* home_footbar_icon_my_pressed@2x.png in Resources */ = {isa = PBXBuildFile; fileRef = A700764E1ACA47DB00ABF9BE /* home_footbar_icon_my_pressed@2x.png */; };
		A70076761ACA47DB00ABF9BE /* home_footbar_icon_my_pressed@3x.png in Resources */ = {isa = PBXBuildFile; fileRef = A700764F1ACA47DB00ABF9BE /* home_footbar_icon_my_pressed@3x.png */; };
		A70076771ACA47DB00ABF9BE /* hotel_u@3x.png in Resources */ = {isa = PBXBuildFile; fileRef = A70076501ACA47DB00ABF9BE /* hotel_u@3x.png */; };
		A70076781ACA47DB00ABF9BE /* jiazhuang@3x.png in Resources */ = {isa = PBXBuildFile; fileRef = A70076511ACA47DB00ABF9BE /* jiazhuang@3x.png */; };
		A70076791ACA47DB00ABF9BE /* ktv_u@3x.png in Resources */ = {isa = PBXBuildFile; fileRef = A70076521ACA47DB00ABF9BE /* ktv_u@3x.png */; };
		A700767A1ACA47DB00ABF9BE /* locate_u@3x.png in Resources */ = {isa = PBXBuildFile; fileRef = A70076531ACA47DB00ABF9BE /* locate_u@3x.png */; };
		A700767B1ACA47DB00ABF9BE /* marry@3x.png in Resources */ = {isa = PBXBuildFile; fileRef = A70076541ACA47DB00ABF9BE /* marry@3x.png */; };
		A700767C1ACA47DB00ABF9BE /* marry_u@3x.png in Resources */ = {isa = PBXBuildFile; fileRef = A70076551ACA47DB00ABF9BE /* marry_u@3x.png */; };
		A700767D1ACA47DB00ABF9BE /* more_o@3x.png in Resources */ = {isa = PBXBuildFile; fileRef = A70076561ACA47DB00ABF9BE /* more_o@3x.png */; };
		A700767E1ACA47DB00ABF9BE /* shoppingmall@3x.png in Resources */ = {isa = PBXBuildFile; fileRef = A70076571ACA47DB00ABF9BE /* shoppingmall@3x.png */; };
		A700767F1ACA47DB00ABF9BE /* snack_u@3x.png in Resources */ = {isa = PBXBuildFile; fileRef = A70076581ACA47DB00ABF9BE /* snack_u@3x.png */; };
		A70076801ACA47DB00ABF9BE /* takeaway_u@3x.png in Resources */ = {isa = PBXBuildFile; fileRef = A70076591ACA47DB00ABF9BE /* takeaway_u@3x.png */; };
		A70076811ACA47DB00ABF9BE /* topic_u@2x.png in Resources */ = {isa = PBXBuildFile; fileRef = A700765A1ACA47DB00ABF9BE /* topic_u@2x.png */; };
		A70076821ACA47DB00ABF9BE /* vip@3x.png in Resources */ = {isa = PBXBuildFile; fileRef = A700765B1ACA47DB00ABF9BE /* vip@3x.png */; };
		BC30CB8B1AC7DC3900FD138A /* RootVC.m in Sources */ = {isa = PBXBuildFile; fileRef = BC30CB8A1AC7DC3900FD138A /* RootVC.m */; };
		BC30CB8E1AC7DC4E00FD138A /* RefreshVC.m in Sources */ = {isa = PBXBuildFile; fileRef = BC30CB8D1AC7DC4E00FD138A /* RefreshVC.m */; };
		BC30CB911AC7DC7300FD138A /* MainVC.m in Sources */ = {isa = PBXBuildFile; fileRef = BC30CB901AC7DC7300FD138A /* MainVC.m */; };
		BC30CB941AC7DC8700FD138A /* GroupVC.m in Sources */ = {isa = PBXBuildFile; fileRef = BC30CB931AC7DC8700FD138A /* GroupVC.m */; };
		BC30CB971AC7DC9E00FD138A /* DiscoveryVC.m in Sources */ = {isa = PBXBuildFile; fileRef = BC30CB961AC7DC9E00FD138A /* DiscoveryVC.m */; };
		BC30CB9A1AC7DCBD00FD138A /* MineVC.m in Sources */ = {isa = PBXBuildFile; fileRef = BC30CB991AC7DCBD00FD138A /* MineVC.m */; };
		BC7C5FB71AC7DA0D0034C597 /* TabBarCon.m in Sources */ = {isa = PBXBuildFile; fileRef = BC7C5FB61AC7DA0D0034C597 /* TabBarCon.m */; };
		BC7C5FBA1AC7DA350034C597 /* NavC.m in Sources */ = {isa = PBXBuildFile; fileRef = BC7C5FB91AC7DA350034C597 /* NavC.m */; };
		BCB517001AC6A6EB004F206C /* main.m in Sources */ = {isa = PBXBuildFile; fileRef = BCB516FF1AC6A6EB004F206C /* main.m */; };
		BCB517031AC6A6EB004F206C /* AppDelegate.m in Sources */ = {isa = PBXBuildFile; fileRef = BCB517021AC6A6EB004F206C /* AppDelegate.m */; };
		BCB5170B1AC6A6EB004F206C /* Images.xcassets in Resources */ = {isa = PBXBuildFile; fileRef = BCB5170A1AC6A6EB004F206C /* Images.xcassets */; };
		BCB5170E1AC6A6EB004F206C /* LaunchScreen.xib in Resources */ = {isa = PBXBuildFile; fileRef = BCB5170C1AC6A6EB004F206C /* LaunchScreen.xib */; };
		BCB5171A1AC6A6EB004F206C /* ____Tests.m in Sources */ = {isa = PBXBuildFile; fileRef = BCB517191AC6A6EB004F206C /* ____Tests.m */; };
/* End PBXBuildFile section */

/* Begin PBXContainerItemProxy section */
		BCB517141AC6A6EB004F206C /* PBXContainerItemProxy */ = {
			isa = PBXContainerItemProxy;
			containerPortal = BCB516F21AC6A6EB004F206C /* Project object */;
			proxyType = 1;
			remoteGlobalIDString = BCB516F91AC6A6EB004F206C;
			remoteInfo = "大众点评";
		};
/* End PBXContainerItemProxy section */

/* Begin PBXFileReference section */
		A70076351ACA47DB00ABF9BE /* baby@3x.png */ = {isa = PBXFileReference; lastKnownFileType = image.png; path = "baby@3x.png"; sourceTree = "<group>"; };
		A70076361ACA47DB00ABF9BE /* bar_o@3x.png */ = {isa = PBXFileReference; lastKnownFileType = image.png; path = "bar_o@3x.png"; sourceTree = "<group>"; };
		A70076371ACA47DB00ABF9BE /* beauty@3x.png */ = {isa = PBXFileReference; lastKnownFileType = image.png; path = "beauty@3x.png"; sourceTree = "<group>"; };
		A70076381ACA47DB00ABF9BE /* book_menu_u@3x.png */ = {isa = PBXFileReference; lastKnownFileType = image.png; path = "book_menu_u@3x.png"; sourceTree = "<group>"; };
		A70076391ACA47DB00ABF9BE /* booking_u@3x.png */ = {isa = PBXFileReference; lastKnownFileType = image.png; path = "booking_u@3x.png"; sourceTree = "<group>"; };
		A700763A1ACA47DB00ABF9BE /* coffee@3x.png */ = {isa = PBXFileReference; lastKnownFileType = image.png; path = "coffee@3x.png"; sourceTree = "<group>"; };
		A700763B1ACA47DB00ABF9BE /* discount_u@3x.png */ = {isa = PBXFileReference; lastKnownFileType = image.png; path = "discount_u@3x.png"; sourceTree = "<group>"; };
		A700763C1ACA47DB00ABF9BE /* film_u@3x.png */ = {isa = PBXFileReference; lastKnownFileType = image.png; path = "film_u@3x.png"; sourceTree = "<group>"; };
		A700763D1ACA47DB00ABF9BE /* food_u@3x.png */ = {isa = PBXFileReference; lastKnownFileType = image.png; path = "food_u@3x.png"; sourceTree = "<group>"; };
		A700763E1ACA47DB00ABF9BE /* footer@3x.png */ = {isa = PBXFileReference; lastKnownFileType = image.png; path = "footer@3x.png"; sourceTree = "<group>"; };
		A700763F1ACA47DB00ABF9BE /* groupon_u@3x.png */ = {isa = PBXFileReference; lastKnownFileType = image.png; path = "groupon_u@3x.png"; sourceTree = "<group>"; };
		A70076401ACA47DB00ABF9BE /* home_footbar_icon_dianping@2x.png */ = {isa = PBXFileReference; lastKnownFileType = image.png; path = "home_footbar_icon_dianping@2x.png"; sourceTree = "<group>"; };
		A70076411ACA47DB00ABF9BE /* home_footbar_icon_dianping@3x.png */ = {isa = PBXFileReference; lastKnownFileType = image.png; path = "home_footbar_icon_dianping@3x.png"; sourceTree = "<group>"; };
		A70076421ACA47DB00ABF9BE /* home_footbar_icon_dianping_pressed@2x.png */ = {isa = PBXFileReference; lastKnownFileType = image.png; path = "home_footbar_icon_dianping_pressed@2x.png"; sourceTree = "<group>"; };
		A70076431ACA47DB00ABF9BE /* home_footbar_icon_dianping_pressed@3x.png */ = {isa = PBXFileReference; lastKnownFileType = image.png; path = "home_footbar_icon_dianping_pressed@3x.png"; sourceTree = "<group>"; };
		A70076441ACA47DB00ABF9BE /* home_footbar_icon_found@2x.png */ = {isa = PBXFileReference; lastKnownFileType = image.png; path = "home_footbar_icon_found@2x.png"; sourceTree = "<group>"; };
		A70076451ACA47DB00ABF9BE /* home_footbar_icon_found@3x.png */ = {isa = PBXFileReference; lastKnownFileType = image.png; path = "home_footbar_icon_found@3x.png"; sourceTree = "<group>"; };
		A70076461ACA47DB00ABF9BE /* home_footbar_icon_found_pressed@2x.png */ = {isa = PBXFileReference; lastKnownFileType = image.png; path = "home_footbar_icon_found_pressed@2x.png"; sourceTree = "<group>"; };
		A70076471ACA47DB00ABF9BE /* home_footbar_icon_found_pressed@3x.png */ = {isa = PBXFileReference; lastKnownFileType = image.png; path = "home_footbar_icon_found_pressed@3x.png"; sourceTree = "<group>"; };
		A70076481ACA47DB00ABF9BE /* home_footbar_icon_group@2x.png */ = {isa = PBXFileReference; lastKnownFileType = image.png; path = "home_footbar_icon_group@2x.png"; sourceTree = "<group>"; };
		A70076491ACA47DB00ABF9BE /* home_footbar_icon_group@3x.png */ = {isa = PBXFileReference; lastKnownFileType = image.png; path = "home_footbar_icon_group@3x.png"; sourceTree = "<group>"; };
		A700764A1ACA47DB00ABF9BE /* home_footbar_icon_group_pressed@2x.png */ = {isa = PBXFileReference; lastKnownFileType = image.png; path = "home_footbar_icon_group_pressed@2x.png"; sourceTree = "<group>"; };
		A700764B1ACA47DB00ABF9BE /* home_footbar_icon_group_pressed@3x.png */ = {isa = PBXFileReference; lastKnownFileType = image.png; path = "home_footbar_icon_group_pressed@3x.png"; sourceTree = "<group>"; };
		A700764C1ACA47DB00ABF9BE /* home_footbar_icon_my@2x.png */ = {isa = PBXFileReference; lastKnownFileType = image.png; path = "home_footbar_icon_my@2x.png"; sourceTree = "<group>"; };
		A700764D1ACA47DB00ABF9BE /* home_footbar_icon_my@3x.png */ = {isa = PBXFileReference; lastKnownFileType = image.png; path = "home_footbar_icon_my@3x.png"; sourceTree = "<group>"; };
		A700764E1ACA47DB00ABF9BE /* home_footbar_icon_my_pressed@2x.png */ = {isa = PBXFileReference; lastKnownFileType = image.png; path = "home_footbar_icon_my_pressed@2x.png"; sourceTree = "<group>"; };
		A700764F1ACA47DB00ABF9BE /* home_footbar_icon_my_pressed@3x.png */ = {isa = PBXFileReference; lastKnownFileType = image.png; path = "home_footbar_icon_my_pressed@3x.png"; sourceTree = "<group>"; };
		A70076501ACA47DB00ABF9BE /* hotel_u@3x.png */ = {isa = PBXFileReference; lastKnownFileType = image.png; path = "hotel_u@3x.png"; sourceTree = "<group>"; };
		A70076511ACA47DB00ABF9BE /* jiazhuang@3x.png */ = {isa = PBXFileReference; lastKnownFileType = image.png; path = "jiazhuang@3x.png"; sourceTree = "<group>"; };
		A70076521ACA47DB00ABF9BE /* ktv_u@3x.png */ = {isa = PBXFileReference; lastKnownFileType = image.png; path = "ktv_u@3x.png"; sourceTree = "<group>"; };
		A70076531ACA47DB00ABF9BE /* locate_u@3x.png */ = {isa = PBXFileReference; lastKnownFileType = image.png; path = "locate_u@3x.png"; sourceTree = "<group>"; };
		A70076541ACA47DB00ABF9BE /* marry@3x.png */ = {isa = PBXFileReference; lastKnownFileType = image.png; path = "marry@3x.png"; sourceTree = "<group>"; };
		A70076551ACA47DB00ABF9BE /* marry_u@3x.png */ = {isa = PBXFileReference; lastKnownFileType = image.png; path = "marry_u@3x.png"; sourceTree = "<group>"; };
		A70076561ACA47DB00ABF9BE /* more_o@3x.png */ = {isa = PBXFileReference; lastKnownFileType = image.png; path = "more_o@3x.png"; sourceTree = "<group>"; };
		A70076571ACA47DB00ABF9BE /* shoppingmall@3x.png */ = {isa = PBXFileReference; lastKnownFileType = image.png; path = "shoppingmall@3x.png"; sourceTree = "<group>"; };
		A70076581ACA47DB00ABF9BE /* snack_u@3x.png */ = {isa = PBXFileReference; lastKnownFileType = image.png; path = "snack_u@3x.png"; sourceTree = "<group>"; };
		A70076591ACA47DB00ABF9BE /* takeaway_u@3x.png */ = {isa = PBXFileReference; lastKnownFileType = image.png; path = "takeaway_u@3x.png"; sourceTree = "<group>"; };
		A700765A1ACA47DB00ABF9BE /* topic_u@2x.png */ = {isa = PBXFileReference; lastKnownFileType = image.png; path = "topic_u@2x.png"; sourceTree = "<group>"; };
		A700765B1ACA47DB00ABF9BE /* vip@3x.png */ = {isa = PBXFileReference; lastKnownFileType = image.png; path = "vip@3x.png"; sourceTree = "<group>"; };
		BC30CB891AC7DC3900FD138A /* RootVC.h */ = {isa = PBXFileReference; fileEncoding = 4; lastKnownFileType = sourcecode.c.h; path = RootVC.h; sourceTree = "<group>"; };
		BC30CB8A1AC7DC3900FD138A /* RootVC.m */ = {isa = PBXFileReference; fileEncoding = 4; lastKnownFileType = sourcecode.c.objc; path = RootVC.m; sourceTree = "<group>"; };
		BC30CB8C1AC7DC4E00FD138A /* RefreshVC.h */ = {isa = PBXFileReference; fileEncoding = 4; lastKnownFileType = sourcecode.c.h; path = RefreshVC.h; sourceTree = "<group>"; };
		BC30CB8D1AC7DC4E00FD138A /* RefreshVC.m */ = {isa = PBXFileReference; fileEncoding = 4; lastKnownFileType = sourcecode.c.objc; path = RefreshVC.m; sourceTree = "<group>"; };
		BC30CB8F1AC7DC7300FD138A /* MainVC.h */ = {isa = PBXFileReference; fileEncoding = 4; lastKnownFileType = sourcecode.c.h; path = MainVC.h; sourceTree = "<group>"; };
		BC30CB901AC7DC7300FD138A /* MainVC.m */ = {isa = PBXFileReference; fileEncoding = 4; lastKnownFileType = sourcecode.c.objc; path = MainVC.m; sourceTree = "<group>"; };
		BC30CB921AC7DC8700FD138A /* GroupVC.h */ = {isa = PBXFileReference; fileEncoding = 4; lastKnownFileType = sourcecode.c.h; path = GroupVC.h; sourceTree = "<group>"; };
		BC30CB931AC7DC8700FD138A /* GroupVC.m */ = {isa = PBXFileReference; fileEncoding = 4; lastKnownFileType = sourcecode.c.objc; path = GroupVC.m; sourceTree = "<group>"; };
		BC30CB951AC7DC9E00FD138A /* DiscoveryVC.h */ = {isa = PBXFileReference; fileEncoding = 4; lastKnownFileType = sourcecode.c.h; path = DiscoveryVC.h; sourceTree = "<group>"; };
		BC30CB961AC7DC9E00FD138A /* DiscoveryVC.m */ = {isa = PBXFileReference; fileEncoding = 4; lastKnownFileType = sourcecode.c.objc; path = DiscoveryVC.m; sourceTree = "<group>"; };
		BC30CB981AC7DCBD00FD138A /* MineVC.h */ = {isa = PBXFileReference; fileEncoding = 4; lastKnownFileType = sourcecode.c.h; path = MineVC.h; sourceTree = "<group>"; };
		BC30CB991AC7DCBD00FD138A /* MineVC.m */ = {isa = PBXFileReference; fileEncoding = 4; lastKnownFileType = sourcecode.c.objc; path = MineVC.m; sourceTree = "<group>"; };
		BC7C5FB51AC7DA0D0034C597 /* TabBarCon.h */ = {isa = PBXFileReference; fileEncoding = 4; lastKnownFileType = sourcecode.c.h; path = TabBarCon.h; sourceTree = "<group>"; };
		BC7C5FB61AC7DA0D0034C597 /* TabBarCon.m */ = {isa = PBXFileReference; fileEncoding = 4; lastKnownFileType = sourcecode.c.objc; path = TabBarCon.m; sourceTree = "<group>"; };
		BC7C5FB81AC7DA350034C597 /* NavC.h */ = {isa = PBXFileReference; fileEncoding = 4; lastKnownFileType = sourcecode.c.h; path = NavC.h; sourceTree = "<group>"; };
		BC7C5FB91AC7DA350034C597 /* NavC.m */ = {isa = PBXFileReference; fileEncoding = 4; lastKnownFileType = sourcecode.c.objc; path = NavC.m; sourceTree = "<group>"; };
		BCB516FA1AC6A6EB004F206C /* 大众点评.app */ = {isa = PBXFileReference; explicitFileType = wrapper.application; includeInIndex = 0; path = "大众点评.app"; sourceTree = BUILT_PRODUCTS_DIR; };
		BCB516FE1AC6A6EB004F206C /* Info.plist */ = {isa = PBXFileReference; lastKnownFileType = text.plist.xml; path = Info.plist; sourceTree = "<group>"; };
		BCB516FF1AC6A6EB004F206C /* main.m */ = {isa = PBXFileReference; lastKnownFileType = sourcecode.c.objc; path = main.m; sourceTree = "<group>"; };
		BCB517011AC6A6EB004F206C /* AppDelegate.h */ = {isa = PBXFileReference; lastKnownFileType = sourcecode.c.h; path = AppDelegate.h; sourceTree = "<group>"; };
		BCB517021AC6A6EB004F206C /* AppDelegate.m */ = {isa = PBXFileReference; lastKnownFileType = sourcecode.c.objc; path = AppDelegate.m; sourceTree = "<group>"; };
		BCB5170A1AC6A6EB004F206C /* Images.xcassets */ = {isa = PBXFileReference; lastKnownFileType = folder.assetcatalog; path = Images.xcassets; sourceTree = "<group>"; };
		BCB5170D1AC6A6EB004F206C /* Base */ = {isa = PBXFileReference; lastKnownFileType = file.xib; name = Base; path = Base.lproj/LaunchScreen.xib; sourceTree = "<group>"; };
		BCB517131AC6A6EB004F206C /* 大众点评Tests.xctest */ = {isa = PBXFileReference; explicitFileType = wrapper.cfbundle; includeInIndex = 0; path = "大众点评Tests.xctest"; sourceTree = BUILT_PRODUCTS_DIR; };
		BCB517181AC6A6EB004F206C /* Info.plist */ = {isa = PBXFileReference; lastKnownFileType = text.plist.xml; path = Info.plist; sourceTree = "<group>"; };
		BCB517191AC6A6EB004F206C /* ____Tests.m */ = {isa = PBXFileReference; lastKnownFileType = sourcecode.c.objc; path = "____Tests.m"; sourceTree = "<group>"; };
/* End PBXFileReference section */

/* Begin PBXFrameworksBuildPhase section */
		BCB516F71AC6A6EB004F206C /* Frameworks */ = {
			isa = PBXFrameworksBuildPhase;
			buildActionMask = 2147483647;
			files = (
			);
			runOnlyForDeploymentPostprocessing = 0;
		};
		BCB517101AC6A6EB004F206C /* Frameworks */ = {
			isa = PBXFrameworksBuildPhase;
			buildActionMask = 2147483647;
			files = (
			);
			runOnlyForDeploymentPostprocessing = 0;
		};
/* End PBXFrameworksBuildPhase section */

/* Begin PBXGroup section */
		A70076341ACA47DB00ABF9BE /* images */ = {
			isa = PBXGroup;
			children = (
				A70076351ACA47DB00ABF9BE /* baby@3x.png */,
				A70076361ACA47DB00ABF9BE /* bar_o@3x.png */,
				A70076371ACA47DB00ABF9BE /* beauty@3x.png */,
				A70076381ACA47DB00ABF9BE /* book_menu_u@3x.png */,
				A70076391ACA47DB00ABF9BE /* booking_u@3x.png */,
				A700763A1ACA47DB00ABF9BE /* coffee@3x.png */,
				A700763B1ACA47DB00ABF9BE /* discount_u@3x.png */,
				A700763C1ACA47DB00ABF9BE /* film_u@3x.png */,
				A700763D1ACA47DB00ABF9BE /* food_u@3x.png */,
				A700763E1ACA47DB00ABF9BE /* footer@3x.png */,
				A700763F1ACA47DB00ABF9BE /* groupon_u@3x.png */,
				A70076401ACA47DB00ABF9BE /* home_footbar_icon_dianping@2x.png */,
				A70076411ACA47DB00ABF9BE /* home_footbar_icon_dianping@3x.png */,
				A70076421ACA47DB00ABF9BE /* home_footbar_icon_dianping_pressed@2x.png */,
				A70076431ACA47DB00ABF9BE /* home_footbar_icon_dianping_pressed@3x.png */,
				A70076441ACA47DB00ABF9BE /* home_footbar_icon_found@2x.png */,
				A70076451ACA47DB00ABF9BE /* home_footbar_icon_found@3x.png */,
				A70076461ACA47DB00ABF9BE /* home_footbar_icon_found_pressed@2x.png */,
				A70076471ACA47DB00ABF9BE /* home_footbar_icon_found_pressed@3x.png */,
				A70076481ACA47DB00ABF9BE /* home_footbar_icon_group@2x.png */,
				A70076491ACA47DB00ABF9BE /* home_footbar_icon_group@3x.png */,
				A700764A1ACA47DB00ABF9BE /* home_footbar_icon_group_pressed@2x.png */,
				A700764B1ACA47DB00ABF9BE /* home_footbar_icon_group_pressed@3x.png */,
				A700764C1ACA47DB00ABF9BE /* home_footbar_icon_my@2x.png */,
				A700764D1ACA47DB00ABF9BE /* home_footbar_icon_my@3x.png */,
				A700764E1ACA47DB00ABF9BE /* home_footbar_icon_my_pressed@2x.png */,
				A700764F1ACA47DB00ABF9BE /* home_footbar_icon_my_pressed@3x.png */,
				A70076501ACA47DB00ABF9BE /* hotel_u@3x.png */,
				A70076511ACA47DB00ABF9BE /* jiazhuang@3x.png */,
				A70076521ACA47DB00ABF9BE /* ktv_u@3x.png */,
				A70076531ACA47DB00ABF9BE /* locate_u@3x.png */,
				A70076541ACA47DB00ABF9BE /* marry@3x.png */,
				A70076551ACA47DB00ABF9BE /* marry_u@3x.png */,
				A70076561ACA47DB00ABF9BE /* more_o@3x.png */,
				A70076571ACA47DB00ABF9BE /* shoppingmall@3x.png */,
				A70076581ACA47DB00ABF9BE /* snack_u@3x.png */,
				A70076591ACA47DB00ABF9BE /* takeaway_u@3x.png */,
				A700765A1ACA47DB00ABF9BE /* topic_u@2x.png */,
				A700765B1ACA47DB00ABF9BE /* vip@3x.png */,
			);
			path = images;
			sourceTree = "<group>";
		};
		BC30CB9B1AC7E27D00FD138A /* images */ = {
			isa = PBXGroup;
			children = (
				A70076341ACA47DB00ABF9BE /* images */,
			);
			path = images;
			sourceTree = "<group>";
		};
		BC7C5FAD1AC7D8840034C597 /* Controllers */ = {
			isa = PBXGroup;
			children = (
				BC7C5FBE1AC7DADF0034C597 /* 发现 */,
				BC7C5FBF1AC7DADF0034C597 /* 团购 */,
				BC7C5FC01AC7DADF0034C597 /* 我的 */,
				BC7C5FC11AC7DADF0034C597 /* 首页 */,
				BC7C5FB51AC7DA0D0034C597 /* TabBarCon.h */,
				BC7C5FB61AC7DA0D0034C597 /* TabBarCon.m */,
				BC7C5FB81AC7DA350034C597 /* NavC.h */,
				BC7C5FB91AC7DA350034C597 /* NavC.m */,
				BC30CB891AC7DC3900FD138A /* RootVC.h */,
				BC30CB8A1AC7DC3900FD138A /* RootVC.m */,
				BC30CB8C1AC7DC4E00FD138A /* RefreshVC.h */,
				BC30CB8D1AC7DC4E00FD138A /* RefreshVC.m */,
			);
			path = Controllers;
			sourceTree = "<group>";
		};
		BC7C5FBE1AC7DADF0034C597 /* 发现 */ = {
			isa = PBXGroup;
			children = (
				BC30CB951AC7DC9E00FD138A /* DiscoveryVC.h */,
				BC30CB961AC7DC9E00FD138A /* DiscoveryVC.m */,
			);
			path = "发现";
			sourceTree = "<group>";
		};
		BC7C5FBF1AC7DADF0034C597 /* 团购 */ = {
			isa = PBXGroup;
			children = (
				BC30CB921AC7DC8700FD138A /* GroupVC.h */,
				BC30CB931AC7DC8700FD138A /* GroupVC.m */,
			);
			path = "团购";
			sourceTree = "<group>";
		};
		BC7C5FC01AC7DADF0034C597 /* 我的 */ = {
			isa = PBXGroup;
			children = (
				BC30CB981AC7DCBD00FD138A /* MineVC.h */,
				BC30CB991AC7DCBD00FD138A /* MineVC.m */,
			);
			path = "我的";
			sourceTree = "<group>";
		};
		BC7C5FC11AC7DADF0034C597 /* 首页 */ = {
			isa = PBXGroup;
			children = (
				BC30CB8F1AC7DC7300FD138A /* MainVC.h */,
				BC30CB901AC7DC7300FD138A /* MainVC.m */,
			);
			path = "首页";
			sourceTree = "<group>";
		};
		BCB516F11AC6A6EB004F206C = {
			isa = PBXGroup;
			children = (
				BC30CB9B1AC7E27D00FD138A /* images */,
				BC7C5FAD1AC7D8840034C597 /* Controllers */,
				BCB516FC1AC6A6EB004F206C /* 大众点评 */,
				BCB517161AC6A6EB004F206C /* 大众点评Tests */,
				BCB516FB1AC6A6EB004F206C /* Products */,
			);
			sourceTree = "<group>";
		};
		BCB516FB1AC6A6EB004F206C /* Products */ = {
			isa = PBXGroup;
			children = (
				BCB516FA1AC6A6EB004F206C /* 大众点评.app */,
				BCB517131AC6A6EB004F206C /* 大众点评Tests.xctest */,
			);
			name = Products;
			sourceTree = "<group>";
		};
		BCB516FC1AC6A6EB004F206C /* 大众点评 */ = {
			isa = PBXGroup;
			children = (
				BCB517011AC6A6EB004F206C /* AppDelegate.h */,
				BCB517021AC6A6EB004F206C /* AppDelegate.m */,
				BCB5170A1AC6A6EB004F206C /* Images.xcassets */,
				BCB5170C1AC6A6EB004F206C /* LaunchScreen.xib */,
				BCB516FD1AC6A6EB004F206C /* Supporting Files */,
			);
			path = "大众点评";
			sourceTree = "<group>";
		};
		BCB516FD1AC6A6EB004F206C /* Supporting Files */ = {
			isa = PBXGroup;
			children = (
				BCB516FE1AC6A6EB004F206C /* Info.plist */,
				BCB516FF1AC6A6EB004F206C /* main.m */,
			);
			name = "Supporting Files";
			sourceTree = "<group>";
		};
		BCB517161AC6A6EB004F206C /* 大众点评Tests */ = {
			isa = PBXGroup;
			children = (
				BCB517191AC6A6EB004F206C /* ____Tests.m */,
				BCB517171AC6A6EB004F206C /* Supporting Files */,
			);
			path = "大众点评Tests";
			sourceTree = "<group>";
		};
		BCB517171AC6A6EB004F206C /* Supporting Files */ = {
			isa = PBXGroup;
			children = (
				BCB517181AC6A6EB004F206C /* Info.plist */,
			);
			name = "Supporting Files";
			sourceTree = "<group>";
		};
/* End PBXGroup section */

/* Begin PBXNativeTarget section */
		BCB516F91AC6A6EB004F206C /* 大众点评 */ = {
			isa = PBXNativeTarget;
			buildConfigurationList = BCB5171D1AC6A6EB004F206C /* Build configuration list for PBXNativeTarget "大众点评" */;
			buildPhases = (
				BCB516F61AC6A6EB004F206C /* Sources */,
				BCB516F71AC6A6EB004F206C /* Frameworks */,
				BCB516F81AC6A6EB004F206C /* Resources */,
			);
			buildRules = (
			);
			dependencies = (
			);
			name = "大众点评";
			productName = "大众点评";
			productReference = BCB516FA1AC6A6EB004F206C /* 大众点评.app */;
			productType = "com.apple.product-type.application";
		};
		BCB517121AC6A6EB004F206C /* 大众点评Tests */ = {
			isa = PBXNativeTarget;
			buildConfigurationList = BCB517201AC6A6EB004F206C /* Build configuration list for PBXNativeTarget "大众点评Tests" */;
			buildPhases = (
				BCB5170F1AC6A6EB004F206C /* Sources */,
				BCB517101AC6A6EB004F206C /* Frameworks */,
				BCB517111AC6A6EB004F206C /* Resources */,
			);
			buildRules = (
			);
			dependencies = (
				BCB517151AC6A6EB004F206C /* PBXTargetDependency */,
			);
			name = "大众点评Tests";
			productName = "大众点评Tests";
			productReference = BCB517131AC6A6EB004F206C /* 大众点评Tests.xctest */;
			productType = "com.apple.product-type.bundle.unit-test";
		};
/* End PBXNativeTarget section */

/* Begin PBXProject section */
		BCB516F21AC6A6EB004F206C /* Project object */ = {
			isa = PBXProject;
			attributes = {
				LastUpgradeCheck = 0620;
				ORGANIZATIONNAME = "张维";
				TargetAttributes = {
					BCB516F91AC6A6EB004F206C = {
						CreatedOnToolsVersion = 6.2;
					};
					BCB517121AC6A6EB004F206C = {
						CreatedOnToolsVersion = 6.2;
						TestTargetID = BCB516F91AC6A6EB004F206C;
					};
				};
			};
			buildConfigurationList = BCB516F51AC6A6EB004F206C /* Build configuration list for PBXProject "大众点评" */;
			compatibilityVersion = "Xcode 3.2";
			developmentRegion = English;
			hasScannedForEncodings = 0;
			knownRegions = (
				en,
				Base,
			);
			mainGroup = BCB516F11AC6A6EB004F206C;
			productRefGroup = BCB516FB1AC6A6EB004F206C /* Products */;
			projectDirPath = "";
			projectRoot = "";
			targets = (
				BCB516F91AC6A6EB004F206C /* 大众点评 */,
				BCB517121AC6A6EB004F206C /* 大众点评Tests */,
			);
		};
/* End PBXProject section */

/* Begin PBXResourcesBuildPhase section */
		BCB516F81AC6A6EB004F206C /* Resources */ = {
			isa = PBXResourcesBuildPhase;
			buildActionMask = 2147483647;
			files = (
				A700767D1ACA47DB00ABF9BE /* more_o@3x.png in Resources */,
				A70076691ACA47DB00ABF9BE /* home_footbar_icon_dianping_pressed@2x.png in Resources */,
				BCB5170E1AC6A6EB004F206C /* LaunchScreen.xib in Resources */,
				A70076771ACA47DB00ABF9BE /* hotel_u@3x.png in Resources */,
				A70076671ACA47DB00ABF9BE /* home_footbar_icon_dianping@2x.png in Resources */,
				A700767B1ACA47DB00ABF9BE /* marry@3x.png in Resources */,
				A700766E1ACA47DB00ABF9BE /* home_footbar_icon_found_pressed@3x.png in Resources */,
				A70076751ACA47DB00ABF9BE /* home_footbar_icon_my_pressed@2x.png in Resources */,
				A70076621ACA47DB00ABF9BE /* discount_u@3x.png in Resources */,
				A70076731ACA47DB00ABF9BE /* home_footbar_icon_my@2x.png in Resources */,
				A700766A1ACA47DB00ABF9BE /* home_footbar_icon_dianping_pressed@3x.png in Resources */,
				A70076651ACA47DB00ABF9BE /* footer@3x.png in Resources */,
				A70076721ACA47DB00ABF9BE /* home_footbar_icon_group_pressed@3x.png in Resources */,
				A700767C1ACA47DB00ABF9BE /* marry_u@3x.png in Resources */,
				A700765C1ACA47DB00ABF9BE /* baby@3x.png in Resources */,
				A700766D1ACA47DB00ABF9BE /* home_footbar_icon_found_pressed@2x.png in Resources */,
				A70076811ACA47DB00ABF9BE /* topic_u@2x.png in Resources */,
				A70076791ACA47DB00ABF9BE /* ktv_u@3x.png in Resources */,
				A70076641ACA47DB00ABF9BE /* food_u@3x.png in Resources */,
				A700766C1ACA47DB00ABF9BE /* home_footbar_icon_found@3x.png in Resources */,
				A70076631ACA47DB00ABF9BE /* film_u@3x.png in Resources */,
				A700765D1ACA47DB00ABF9BE /* bar_o@3x.png in Resources */,
				A70076661ACA47DB00ABF9BE /* groupon_u@3x.png in Resources */,
				A700767A1ACA47DB00ABF9BE /* locate_u@3x.png in Resources */,
				A70076611ACA47DB00ABF9BE /* coffee@3x.png in Resources */,
				A70076701ACA47DB00ABF9BE /* home_footbar_icon_group@3x.png in Resources */,
				A70076711ACA47DB00ABF9BE /* home_footbar_icon_group_pressed@2x.png in Resources */,
				A70076821ACA47DB00ABF9BE /* vip@3x.png in Resources */,
				A70076761ACA47DB00ABF9BE /* home_footbar_icon_my_pressed@3x.png in Resources */,
				BCB5170B1AC6A6EB004F206C /* Images.xcassets in Resources */,
				A70076741ACA47DB00ABF9BE /* home_footbar_icon_my@3x.png in Resources */,
				A700765F1ACA47DB00ABF9BE /* book_menu_u@3x.png in Resources */,
				A70076801ACA47DB00ABF9BE /* takeaway_u@3x.png in Resources */,
				A700765E1ACA47DB00ABF9BE /* beauty@3x.png in Resources */,
				A70076781ACA47DB00ABF9BE /* jiazhuang@3x.png in Resources */,
				A700766B1ACA47DB00ABF9BE /* home_footbar_icon_found@2x.png in Resources */,
				A700767F1ACA47DB00ABF9BE /* snack_u@3x.png in Resources */,
				A70076601ACA47DB00ABF9BE /* booking_u@3x.png in Resources */,
				A70076681ACA47DB00ABF9BE /* home_footbar_icon_dianping@3x.png in Resources */,
				A700766F1ACA47DB00ABF9BE /* home_footbar_icon_group@2x.png in Resources */,
				A700767E1ACA47DB00ABF9BE /* shoppingmall@3x.png in Resources */,
			);
			runOnlyForDeploymentPostprocessing = 0;
		};
		BCB517111AC6A6EB004F206C /* Resources */ = {
			isa = PBXResourcesBuildPhase;
			buildActionMask = 2147483647;
			files = (
			);
			runOnlyForDeploymentPostprocessing = 0;
		};
/* End PBXResourcesBuildPhase section */

/* Begin PBXSourcesBuildPhase section */
		BCB516F61AC6A6EB004F206C /* Sources */ = {
			isa = PBXSourcesBuildPhase;
			buildActionMask = 2147483647;
			files = (
				BC30CB8E1AC7DC4E00FD138A /* RefreshVC.m in Sources */,
				BC7C5FBA1AC7DA350034C597 /* NavC.m in Sources */,
				BC30CB971AC7DC9E00FD138A /* DiscoveryVC.m in Sources */,
				BC30CB9A1AC7DCBD00FD138A /* MineVC.m in Sources */,
				BC30CB941AC7DC8700FD138A /* GroupVC.m in Sources */,
				BC30CB911AC7DC7300FD138A /* MainVC.m in Sources */,
				BCB517031AC6A6EB004F206C /* AppDelegate.m in Sources */,
				BC7C5FB71AC7DA0D0034C597 /* TabBarCon.m in Sources */,
				BC30CB8B1AC7DC3900FD138A /* RootVC.m in Sources */,
				BCB517001AC6A6EB004F206C /* main.m in Sources */,
			);
			runOnlyForDeploymentPostprocessing = 0;
		};
		BCB5170F1AC6A6EB004F206C /* Sources */ = {
			isa = PBXSourcesBuildPhase;
			buildActionMask = 2147483647;
			files = (
				BCB5171A1AC6A6EB004F206C /* ____Tests.m in Sources */,
			);
			runOnlyForDeploymentPostprocessing = 0;
		};
/* End PBXSourcesBuildPhase section */

/* Begin PBXTargetDependency section */
		BCB517151AC6A6EB004F206C /* PBXTargetDependency */ = {
			isa = PBXTargetDependency;
			target = BCB516F91AC6A6EB004F206C /* 大众点评 */;
			targetProxy = BCB517141AC6A6EB004F206C /* PBXContainerItemProxy */;
		};
/* End PBXTargetDependency section */

/* Begin PBXVariantGroup section */
		BCB5170C1AC6A6EB004F206C /* LaunchScreen.xib */ = {
			isa = PBXVariantGroup;
			children = (
				BCB5170D1AC6A6EB004F206C /* Base */,
			);
			name = LaunchScreen.xib;
			sourceTree = "<group>";
		};
/* End PBXVariantGroup section */

/* Begin XCBuildConfiguration section */
		BCB5171B1AC6A6EB004F206C /* Debug */ = {
			isa = XCBuildConfiguration;
			buildSettings = {
				ALWAYS_SEARCH_USER_PATHS = NO;
				CLANG_CXX_LANGUAGE_STANDARD = "gnu++0x";
				CLANG_CXX_LIBRARY = "libc++";
				CLANG_ENABLE_MODULES = YES;
				CLANG_ENABLE_OBJC_ARC = YES;
				CLANG_WARN_BOOL_CONVERSION = YES;
				CLANG_WARN_CONSTANT_CONVERSION = YES;
				CLANG_WARN_DIRECT_OBJC_ISA_USAGE = YES_ERROR;
				CLANG_WARN_EMPTY_BODY = YES;
				CLANG_WARN_ENUM_CONVERSION = YES;
				CLANG_WARN_INT_CONVERSION = YES;
				CLANG_WARN_OBJC_ROOT_CLASS = YES_ERROR;
				CLANG_WARN_UNREACHABLE_CODE = YES;
				CLANG_WARN__DUPLICATE_METHOD_MATCH = YES;
				"CODE_SIGN_IDENTITY[sdk=iphoneos*]" = "iPhone Developer";
				COPY_PHASE_STRIP = NO;
				ENABLE_STRICT_OBJC_MSGSEND = YES;
				GCC_C_LANGUAGE_STANDARD = gnu99;
				GCC_DYNAMIC_NO_PIC = NO;
				GCC_OPTIMIZATION_LEVEL = 0;
				GCC_PREPROCESSOR_DEFINITIONS = (
					"DEBUG=1",
					"$(inherited)",
				);
				GCC_SYMBOLS_PRIVATE_EXTERN = NO;
				GCC_WARN_64_TO_32_BIT_CONVERSION = YES;
				GCC_WARN_ABOUT_RETURN_TYPE = YES_ERROR;
				GCC_WARN_UNDECLARED_SELECTOR = YES;
				GCC_WARN_UNINITIALIZED_AUTOS = YES_AGGRESSIVE;
				GCC_WARN_UNUSED_FUNCTION = YES;
				GCC_WARN_UNUSED_VARIABLE = YES;
				IPHONEOS_DEPLOYMENT_TARGET = 8.2;
				MTL_ENABLE_DEBUG_INFO = YES;
				ONLY_ACTIVE_ARCH = YES;
				SDKROOT = iphoneos;
			};
			name = Debug;
		};
		BCB5171C1AC6A6EB004F206C /* Release */ = {
			isa = XCBuildConfiguration;
			buildSettings = {
				ALWAYS_SEARCH_USER_PATHS = NO;
				CLANG_CXX_LANGUAGE_STANDARD = "gnu++0x";
				CLANG_CXX_LIBRARY = "libc++";
				CLANG_ENABLE_MODULES = YES;
				CLANG_ENABLE_OBJC_ARC = YES;
				CLANG_WARN_BOOL_CONVERSION = YES;
				CLANG_WARN_CONSTANT_CONVERSION = YES;
				CLANG_WARN_DIRECT_OBJC_ISA_USAGE = YES_ERROR;
				CLANG_WARN_EMPTY_BODY = YES;
				CLANG_WARN_ENUM_CONVERSION = YES;
				CLANG_WARN_INT_CONVERSION = YES;
				CLANG_WARN_OBJC_ROOT_CLASS = YES_ERROR;
				CLANG_WARN_UNREACHABLE_CODE = YES;
				CLANG_WARN__DUPLICATE_METHOD_MATCH = YES;
				"CODE_SIGN_IDENTITY[sdk=iphoneos*]" = "iPhone Developer";
				COPY_PHASE_STRIP = NO;
				ENABLE_NS_ASSERTIONS = NO;
				ENABLE_STRICT_OBJC_MSGSEND = YES;
				GCC_C_LANGUAGE_STANDARD = gnu99;
				GCC_WARN_64_TO_32_BIT_CONVERSION = YES;
				GCC_WARN_ABOUT_RETURN_TYPE = YES_ERROR;
				GCC_WARN_UNDECLARED_SELECTOR = YES;
				GCC_WARN_UNINITIALIZED_AUTOS = YES_AGGRESSIVE;
				GCC_WARN_UNUSED_FUNCTION = YES;
				GCC_WARN_UNUSED_VARIABLE = YES;
				IPHONEOS_DEPLOYMENT_TARGET = 8.2;
				MTL_ENABLE_DEBUG_INFO = NO;
				SDKROOT = iphoneos;
				VALIDATE_PRODUCT = YES;
			};
			name = Release;
		};
		BCB5171E1AC6A6EB004F206C /* Debug */ = {
			isa = XCBuildConfiguration;
			buildSettings = {
				ASSETCATALOG_COMPILER_APPICON_NAME = AppIcon;
				CLANG_ENABLE_OBJC_ARC = NO;
				INFOPLIST_FILE = "大众点评/Info.plist";
				LD_RUNPATH_SEARCH_PATHS = "$(inherited) @executable_path/Frameworks";
				PRODUCT_NAME = "$(TARGET_NAME)";
			};
			name = Debug;
		};
		BCB5171F1AC6A6EB004F206C /* Release */ = {
			isa = XCBuildConfiguration;
			buildSettings = {
				ASSETCATALOG_COMPILER_APPICON_NAME = AppIcon;
				CLANG_ENABLE_OBJC_ARC = NO;
				INFOPLIST_FILE = "大众点评/Info.plist";
				LD_RUNPATH_SEARCH_PATHS = "$(inherited) @executable_path/Frameworks";
				PRODUCT_NAME = "$(TARGET_NAME)";
			};
			name = Release;
		};
		BCB517211AC6A6EB004F206C /* Debug */ = {
			isa = XCBuildConfiguration;
			buildSettings = {
				BUNDLE_LOADER = "$(TEST_HOST)";
				FRAMEWORK_SEARCH_PATHS = (
					"$(SDKROOT)/Developer/Library/Frameworks",
					"$(inherited)",
				);
				GCC_PREPROCESSOR_DEFINITIONS = (
					"DEBUG=1",
					"$(inherited)",
				);
				INFOPLIST_FILE = "大众点评Tests/Info.plist";
				LD_RUNPATH_SEARCH_PATHS = "$(inherited) @executable_path/Frameworks @loader_path/Frameworks";
				PRODUCT_NAME = "$(TARGET_NAME)";
				TEST_HOST = "$(BUILT_PRODUCTS_DIR)/大众点评.app/大众点评";
			};
			name = Debug;
		};
		BCB517221AC6A6EB004F206C /* Release */ = {
			isa = XCBuildConfiguration;
			buildSettings = {
				BUNDLE_LOADER = "$(TEST_HOST)";
				FRAMEWORK_SEARCH_PATHS = (
					"$(SDKROOT)/Developer/Library/Frameworks",
					"$(inherited)",
				);
				INFOPLIST_FILE = "大众点评Tests/Info.plist";
				LD_RUNPATH_SEARCH_PATHS = "$(inherited) @executable_path/Frameworks @loader_path/Frameworks";
				PRODUCT_NAME = "$(TARGET_NAME)";
				TEST_HOST = "$(BUILT_PRODUCTS_DIR)/大众点评.app/大众点评";
			};
			name = Release;
		};
/* End XCBuildConfiguration section */

/* Begin XCConfigurationList section */
		BCB516F51AC6A6EB004F206C /* Build configuration list for PBXProject "大众点评" */ = {
			isa = XCConfigurationList;
			buildConfigurations = (
				BCB5171B1AC6A6EB004F206C /* Debug */,
				BCB5171C1AC6A6EB004F206C /* Release */,
			);
			defaultConfigurationIsVisible = 0;
			defaultConfigurationName = Release;
		};
		BCB5171D1AC6A6EB004F206C /* Build configuration list for PBXNativeTarget "大众点评" */ = {
			isa = XCConfigurationList;
			buildConfigurations = (
				BCB5171E1AC6A6EB004F206C /* Debug */,
				BCB5171F1AC6A6EB004F206C /* Release */,
			);
			defaultConfigurationIsVisible = 0;
			defaultConfigurationName = Release;
		};
		BCB517201AC6A6EB004F206C /* Build configuration list for PBXNativeTarget "大众点评Tests" */ = {
			isa = XCConfigurationList;
			buildConfigurations = (
				BCB517211AC6A6EB004F206C /* Debug */,
				BCB517221AC6A6EB004F206C /* Release */,
			);
			defaultConfigurationIsVisible = 0;
			defaultConfigurationName = Release;
		};
/* End XCConfigurationList section */
	};
	rootObject = BCB516F21AC6A6EB004F206C /* Project object */;
}
