// !$*UTF8*$!
{
	archiveVersion = 1;
	classes = {
	};
	objectVersion = 46;
	objects = {

/* Begin PBXBuildFile section */
		1FBA92361ACAE9480012AA79 /* baby@3x.png in Resources */ = {isa = PBXBuildFile; fileRef = 1FBA920F1ACAE9480012AA79 /* baby@3x.png */; };
		1FBA92371ACAE9480012AA79 /* bar_o@3x.png in Resources */ = {isa = PBXBuildFile; fileRef = 1FBA92101ACAE9480012AA79 /* bar_o@3x.png */; };
		1FBA92381ACAE9480012AA79 /* beauty@3x.png in Resources */ = {isa = PBXBuildFile; fileRef = 1FBA92111ACAE9480012AA79 /* beauty@3x.png */; };
		1FBA92391ACAE9480012AA79 /* book_menu_u@3x.png in Resources */ = {isa = PBXBuildFile; fileRef = 1FBA92121ACAE9480012AA79 /* book_menu_u@3x.png */; };
		1FBA923A1ACAE9480012AA79 /* booking_u@3x.png in Resources */ = {isa = PBXBuildFile; fileRef = 1FBA92131ACAE9480012AA79 /* booking_u@3x.png */; };
		1FBA923B1ACAE9480012AA79 /* coffee@3x.png in Resources */ = {isa = PBXBuildFile; fileRef = 1FBA92141ACAE9480012AA79 /* coffee@3x.png */; };
		1FBA923C1ACAE9480012AA79 /* discount_u@3x.png in Resources */ = {isa = PBXBuildFile; fileRef = 1FBA92151ACAE9480012AA79 /* discount_u@3x.png */; };
		1FBA923D1ACAE9480012AA79 /* film_u@3x.png in Resources */ = {isa = PBXBuildFile; fileRef = 1FBA92161ACAE9480012AA79 /* film_u@3x.png */; };
		1FBA923E1ACAE9480012AA79 /* food_u@3x.png in Resources */ = {isa = PBXBuildFile; fileRef = 1FBA92171ACAE9480012AA79 /* food_u@3x.png */; };
		1FBA923F1ACAE9480012AA79 /* footer@3x.png in Resources */ = {isa = PBXBuildFile; fileRef = 1FBA92181ACAE9480012AA79 /* footer@3x.png */; };
		1FBA92401ACAE9480012AA79 /* groupon_u@3x.png in Resources */ = {isa = PBXBuildFile; fileRef = 1FBA92191ACAE9480012AA79 /* groupon_u@3x.png */; };
		1FBA92411ACAE9480012AA79 /* home_footbar_icon_dianping_pressed@2x.png in Resources */ = {isa = PBXBuildFile; fileRef = 1FBA921A1ACAE9480012AA79 /* home_footbar_icon_dianping_pressed@2x.png */; };
		1FBA92421ACAE9480012AA79 /* home_footbar_icon_dianping_pressed@3x.png in Resources */ = {isa = PBXBuildFile; fileRef = 1FBA921B1ACAE9480012AA79 /* home_footbar_icon_dianping_pressed@3x.png */; };
		1FBA92431ACAE9480012AA79 /* home_footbar_icon_dianping@2x.png in Resources */ = {isa = PBXBuildFile; fileRef = 1FBA921C1ACAE9480012AA79 /* home_footbar_icon_dianping@2x.png */; };
		1FBA92441ACAE9480012AA79 /* home_footbar_icon_dianping@3x.png in Resources */ = {isa = PBXBuildFile; fileRef = 1FBA921D1ACAE9480012AA79 /* home_footbar_icon_dianping@3x.png */; };
		1FBA92451ACAE9480012AA79 /* home_footbar_icon_found_pressed@2x.png in Resources */ = {isa = PBXBuildFile; fileRef = 1FBA921E1ACAE9480012AA79 /* home_footbar_icon_found_pressed@2x.png */; };
		1FBA92461ACAE9480012AA79 /* home_footbar_icon_found_pressed@3x.png in Resources */ = {isa = PBXBuildFile; fileRef = 1FBA921F1ACAE9480012AA79 /* home_footbar_icon_found_pressed@3x.png */; };
		1FBA92471ACAE9480012AA79 /* home_footbar_icon_found@2x.png in Resources */ = {isa = PBXBuildFile; fileRef = 1FBA92201ACAE9480012AA79 /* home_footbar_icon_found@2x.png */; };
		1FBA92481ACAE9480012AA79 /* home_footbar_icon_found@3x.png in Resources */ = {isa = PBXBuildFile; fileRef = 1FBA92211ACAE9480012AA79 /* home_footbar_icon_found@3x.png */; };
		1FBA92491ACAE9480012AA79 /* home_footbar_icon_group_pressed@2x.png in Resources */ = {isa = PBXBuildFile; fileRef = 1FBA92221ACAE9480012AA79 /* home_footbar_icon_group_pressed@2x.png */; };
		1FBA924A1ACAE9480012AA79 /* home_footbar_icon_group_pressed@3x.png in Resources */ = {isa = PBXBuildFile; fileRef = 1FBA92231ACAE9480012AA79 /* home_footbar_icon_group_pressed@3x.png */; };
		1FBA924B1ACAE9480012AA79 /* home_footbar_icon_group@2x.png in Resources */ = {isa = PBXBuildFile; fileRef = 1FBA92241ACAE9480012AA79 /* home_footbar_icon_group@2x.png */; };
		1FBA924C1ACAE9480012AA79 /* home_footbar_icon_group@3x.png in Resources */ = {isa = PBXBuildFile; fileRef = 1FBA92251ACAE9480012AA79 /* home_footbar_icon_group@3x.png */; };
		1FBA924D1ACAE9480012AA79 /* home_footbar_icon_my_pressed@2x.png in Resources */ = {isa = PBXBuildFile; fileRef = 1FBA92261ACAE9480012AA79 /* home_footbar_icon_my_pressed@2x.png */; };
		1FBA924E1ACAE9480012AA79 /* home_footbar_icon_my_pressed@3x.png in Resources */ = {isa = PBXBuildFile; fileRef = 1FBA92271ACAE9480012AA79 /* home_footbar_icon_my_pressed@3x.png */; };
		1FBA924F1ACAE9480012AA79 /* home_footbar_icon_my@2x.png in Resources */ = {isa = PBXBuildFile; fileRef = 1FBA92281ACAE9480012AA79 /* home_footbar_icon_my@2x.png */; };
		1FBA92501ACAE9480012AA79 /* home_footbar_icon_my@3x.png in Resources */ = {isa = PBXBuildFile; fileRef = 1FBA92291ACAE9480012AA79 /* home_footbar_icon_my@3x.png */; };
		1FBA92511ACAE9480012AA79 /* hotel_u@3x.png in Resources */ = {isa = PBXBuildFile; fileRef = 1FBA922A1ACAE9480012AA79 /* hotel_u@3x.png */; };
		1FBA92521ACAE9480012AA79 /* jiazhuang@3x.png in Resources */ = {isa = PBXBuildFile; fileRef = 1FBA922B1ACAE9480012AA79 /* jiazhuang@3x.png */; };
		1FBA92531ACAE9480012AA79 /* ktv_u@3x.png in Resources */ = {isa = PBXBuildFile; fileRef = 1FBA922C1ACAE9480012AA79 /* ktv_u@3x.png */; };
		1FBA92541ACAE9480012AA79 /* locate_u@3x.png in Resources */ = {isa = PBXBuildFile; fileRef = 1FBA922D1ACAE9480012AA79 /* locate_u@3x.png */; };
		1FBA92551ACAE9480012AA79 /* marry_u@3x.png in Resources */ = {isa = PBXBuildFile; fileRef = 1FBA922E1ACAE9480012AA79 /* marry_u@3x.png */; };
		1FBA92561ACAE9480012AA79 /* marry@3x.png in Resources */ = {isa = PBXBuildFile; fileRef = 1FBA922F1ACAE9480012AA79 /* marry@3x.png */; };
		1FBA92571ACAE9480012AA79 /* more_o@3x.png in Resources */ = {isa = PBXBuildFile; fileRef = 1FBA92301ACAE9480012AA79 /* more_o@3x.png */; };
		1FBA92581ACAE9480012AA79 /* shoppingmall@3x.png in Resources */ = {isa = PBXBuildFile; fileRef = 1FBA92311ACAE9480012AA79 /* shoppingmall@3x.png */; };
		1FBA92591ACAE9480012AA79 /* snack_u@3x.png in Resources */ = {isa = PBXBuildFile; fileRef = 1FBA92321ACAE9480012AA79 /* snack_u@3x.png */; };
		1FBA925A1ACAE9480012AA79 /* takeaway_u@3x.png in Resources */ = {isa = PBXBuildFile; fileRef = 1FBA92331ACAE9480012AA79 /* takeaway_u@3x.png */; };
		1FBA925B1ACAE9480012AA79 /* topic_u@2x.png in Resources */ = {isa = PBXBuildFile; fileRef = 1FBA92341ACAE9480012AA79 /* topic_u@2x.png */; };
		1FBA925C1ACAE9480012AA79 /* vip@3x.png in Resources */ = {isa = PBXBuildFile; fileRef = 1FBA92351ACAE9480012AA79 /* vip@3x.png */; };
		A76267E71ACACEDA0011C98F /* personal_icon_send@2x.png in Resources */ = {isa = PBXBuildFile; fileRef = A76267E51ACACEDA0011C98F /* personal_icon_send@2x.png */; };
		A76267E81ACACEDA0011C98F /* navibar_icon_arrow_down@2x.png in Resources */ = {isa = PBXBuildFile; fileRef = A76267E61ACACEDA0011C98F /* navibar_icon_arrow_down@2x.png */; };
		A76267EB1ACACFC50011C98F /* ZKButton.m in Sources */ = {isa = PBXBuildFile; fileRef = A76267EA1ACACFC50011C98F /* ZKButton.m */; };
		BC0F2C841ACEBCA800C7370B /* MJRefresh.bundle in Resources */ = {isa = PBXBuildFile; fileRef = BC0F2C7A1ACEBCA800C7370B /* MJRefresh.bundle */; };
		BC0F2C851ACEBCA800C7370B /* MJRefreshBaseView.m in Sources */ = {isa = PBXBuildFile; fileRef = BC0F2C7D1ACEBCA800C7370B /* MJRefreshBaseView.m */; settings = {COMPILER_FLAGS = "-fobjc-arc"; }; };
		BC0F2C861ACEBCA800C7370B /* MJRefreshConst.m in Sources */ = {isa = PBXBuildFile; fileRef = BC0F2C7F1ACEBCA800C7370B /* MJRefreshConst.m */; settings = {COMPILER_FLAGS = "-fobjc-arc"; }; };
		BC0F2C871ACEBCA800C7370B /* MJRefreshFooterView.m in Sources */ = {isa = PBXBuildFile; fileRef = BC0F2C811ACEBCA800C7370B /* MJRefreshFooterView.m */; settings = {COMPILER_FLAGS = "-fobjc-arc"; }; };
		BC0F2C881ACEBCA800C7370B /* MJRefreshHeaderView.m in Sources */ = {isa = PBXBuildFile; fileRef = BC0F2C831ACEBCA800C7370B /* MJRefreshHeaderView.m */; settings = {COMPILER_FLAGS = "-fobjc-arc"; }; };
		BC0F2CB01ACFE62000C7370B /* scenicspots_o@2x.png in Resources */ = {isa = PBXBuildFile; fileRef = BC0F2CAF1ACFE62000C7370B /* scenicspots_o@2x.png */; };
		BC0F2CB21ACFE67500C7370B /* ktv_u@2x.png in Resources */ = {isa = PBXBuildFile; fileRef = BC0F2CB11ACFE67500C7370B /* ktv_u@2x.png */; };
		BC0F2CB41ACFE6CE00C7370B /* marry_u@2x.png in Resources */ = {isa = PBXBuildFile; fileRef = BC0F2CB31ACFE6CE00C7370B /* marry_u@2x.png */; };
		BC0F2CB61ACFE78800C7370B /* snack_u@2x.png in Resources */ = {isa = PBXBuildFile; fileRef = BC0F2CB51ACFE78800C7370B /* snack_u@2x.png */; };
		BC0F2CB91ACFE7A400C7370B /* relax.png in Resources */ = {isa = PBXBuildFile; fileRef = BC0F2CB71ACFE7A400C7370B /* relax.png */; };
		BC0F2CBA1ACFE7A400C7370B /* relax@3x.png in Resources */ = {isa = PBXBuildFile; fileRef = BC0F2CB81ACFE7A400C7370B /* relax@3x.png */; };
		BC0F2CBC1ACFE7CD00C7370B /* more_o@2x.png in Resources */ = {isa = PBXBuildFile; fileRef = BC0F2CBB1ACFE7CD00C7370B /* more_o@2x.png */; };
		BC0F2CBE1ACFE7EA00C7370B /* groupon_u@2x.png in Resources */ = {isa = PBXBuildFile; fileRef = BC0F2CBD1ACFE7EA00C7370B /* groupon_u@2x.png */; };
		BC0F2CC01ACFE80B00C7370B /* hotel_u@2x.png in Resources */ = {isa = PBXBuildFile; fileRef = BC0F2CBF1ACFE80B00C7370B /* hotel_u@2x.png */; };
		BC0F2CC21ACFE82700C7370B /* takeaway_u@2x.png in Resources */ = {isa = PBXBuildFile; fileRef = BC0F2CC11ACFE82700C7370B /* takeaway_u@2x.png */; };
		BC0F2CC41ACFE83E00C7370B /* film_u@2x.png in Resources */ = {isa = PBXBuildFile; fileRef = BC0F2CC31ACFE83E00C7370B /* film_u@2x.png */; };
		BC0F2CC61ACFE8C000C7370B /* booking_u@2x.png in Resources */ = {isa = PBXBuildFile; fileRef = BC0F2CC51ACFE8C000C7370B /* booking_u@2x.png */; };
		BC0F2CC81ACFE8D700C7370B /* discount_u@2x.png in Resources */ = {isa = PBXBuildFile; fileRef = BC0F2CC71ACFE8D700C7370B /* discount_u@2x.png */; };
		BC30CB8B1AC7DC3900FD138A /* RootVC.m in Sources */ = {isa = PBXBuildFile; fileRef = BC30CB8A1AC7DC3900FD138A /* RootVC.m */; };
		BC30CB8E1AC7DC4E00FD138A /* RefreshVC.m in Sources */ = {isa = PBXBuildFile; fileRef = BC30CB8D1AC7DC4E00FD138A /* RefreshVC.m */; };
		BC30CB911AC7DC7300FD138A /* MainVC.m in Sources */ = {isa = PBXBuildFile; fileRef = BC30CB901AC7DC7300FD138A /* MainVC.m */; };
		BC30CB941AC7DC8700FD138A /* GroupVC.m in Sources */ = {isa = PBXBuildFile; fileRef = BC30CB931AC7DC8700FD138A /* GroupVC.m */; };
		BC30CB971AC7DC9E00FD138A /* DiscoveryVC.m in Sources */ = {isa = PBXBuildFile; fileRef = BC30CB961AC7DC9E00FD138A /* DiscoveryVC.m */; };
		BC30CB9A1AC7DCBD00FD138A /* MineVC.m in Sources */ = {isa = PBXBuildFile; fileRef = BC30CB991AC7DCBD00FD138A /* MineVC.m */; };
		BC319AB71AD16D16005BBD3C /* drawbg@2x.png in Resources */ = {isa = PBXBuildFile; fileRef = BC319AB61AD16D16005BBD3C /* drawbg@2x.png */; };
		BC7206DD1ACE346F0018FCFC /* DPAPI.m in Sources */ = {isa = PBXBuildFile; fileRef = BC7206BF1ACE346F0018FCFC /* DPAPI.m */; settings = {COMPILER_FLAGS = "-fobjc-arc"; }; };
		BC7206DE1ACE346F0018FCFC /* DPRequest.m in Sources */ = {isa = PBXBuildFile; fileRef = BC7206C21ACE346F0018FCFC /* DPRequest.m */; settings = {COMPILER_FLAGS = "-fobjc-arc"; }; };
		BC7206DF1ACE346F0018FCFC /* NSObject+SBJson.m in Sources */ = {isa = PBXBuildFile; fileRef = BC7206C51ACE346F0018FCFC /* NSObject+SBJson.m */; };
		BC7206E01ACE346F0018FCFC /* SBJsonParser.m in Sources */ = {isa = PBXBuildFile; fileRef = BC7206C81ACE346F0018FCFC /* SBJsonParser.m */; };
		BC7206E11ACE346F0018FCFC /* SBJsonStreamParser.m in Sources */ = {isa = PBXBuildFile; fileRef = BC7206CA1ACE346F0018FCFC /* SBJsonStreamParser.m */; };
		BC7206E21ACE346F0018FCFC /* SBJsonStreamParserAccumulator.m in Sources */ = {isa = PBXBuildFile; fileRef = BC7206CC1ACE346F0018FCFC /* SBJsonStreamParserAccumulator.m */; };
		BC7206E31ACE346F0018FCFC /* SBJsonStreamParserAdapter.m in Sources */ = {isa = PBXBuildFile; fileRef = BC7206CE1ACE346F0018FCFC /* SBJsonStreamParserAdapter.m */; };
		BC7206E41ACE346F0018FCFC /* SBJsonStreamParserState.m in Sources */ = {isa = PBXBuildFile; fileRef = BC7206D01ACE346F0018FCFC /* SBJsonStreamParserState.m */; };
		BC7206E51ACE346F0018FCFC /* SBJsonStreamWriter.m in Sources */ = {isa = PBXBuildFile; fileRef = BC7206D21ACE346F0018FCFC /* SBJsonStreamWriter.m */; };
		BC7206E61ACE346F0018FCFC /* SBJsonStreamWriterAccumulator.m in Sources */ = {isa = PBXBuildFile; fileRef = BC7206D41ACE346F0018FCFC /* SBJsonStreamWriterAccumulator.m */; };
		BC7206E71ACE346F0018FCFC /* SBJsonStreamWriterState.m in Sources */ = {isa = PBXBuildFile; fileRef = BC7206D61ACE346F0018FCFC /* SBJsonStreamWriterState.m */; };
		BC7206E81ACE346F0018FCFC /* SBJsonTokeniser.m in Sources */ = {isa = PBXBuildFile; fileRef = BC7206D81ACE346F0018FCFC /* SBJsonTokeniser.m */; };
		BC7206E91ACE346F0018FCFC /* SBJsonUTF8Stream.m in Sources */ = {isa = PBXBuildFile; fileRef = BC7206DA1ACE346F0018FCFC /* SBJsonUTF8Stream.m */; };
		BC7206EA1ACE346F0018FCFC /* SBJsonWriter.m in Sources */ = {isa = PBXBuildFile; fileRef = BC7206DC1ACE346F0018FCFC /* SBJsonWriter.m */; };
		BC7C5FB71AC7DA0D0034C597 /* TabBarCon.m in Sources */ = {isa = PBXBuildFile; fileRef = BC7C5FB61AC7DA0D0034C597 /* TabBarCon.m */; };
		BCA475F51AD3C60B00C40653 /* LICENSE in Resources */ = {isa = PBXBuildFile; fileRef = BCA475E11AD3C60B00C40653 /* LICENSE */; };
		BCA475F61AD3C60B00C40653 /* README.md in Sources */ = {isa = PBXBuildFile; fileRef = BCA475E21AD3C60B00C40653 /* README.md */; };
		BCA475F71AD3C60B00C40653 /* SDImageCache.m in Sources */ = {isa = PBXBuildFile; fileRef = BCA475E41AD3C60B00C40653 /* SDImageCache.m */; };
		BCA475F81AD3C60B00C40653 /* SDWebImageDecoder.m in Sources */ = {isa = PBXBuildFile; fileRef = BCA475E81AD3C60B00C40653 /* SDWebImageDecoder.m */; };
		BCA475F91AD3C60B00C40653 /* SDWebImageDownloader.m in Sources */ = {isa = PBXBuildFile; fileRef = BCA475EA1AD3C60B00C40653 /* SDWebImageDownloader.m */; };
		BCA475FA1AD3C60B00C40653 /* SDWebImageManager.m in Sources */ = {isa = PBXBuildFile; fileRef = BCA475ED1AD3C60B00C40653 /* SDWebImageManager.m */; };
		BCA475FB1AD3C60B00C40653 /* SDWebImagePrefetcher.m in Sources */ = {isa = PBXBuildFile; fileRef = BCA475F01AD3C60B00C40653 /* SDWebImagePrefetcher.m */; };
		BCA475FC1AD3C60B00C40653 /* UIButton+WebCache.m in Sources */ = {isa = PBXBuildFile; fileRef = BCA475F21AD3C60B00C40653 /* UIButton+WebCache.m */; };
		BCA475FD1AD3C60B00C40653 /* UIImageView+WebCache.m in Sources */ = {isa = PBXBuildFile; fileRef = BCA475F41AD3C60B00C40653 /* UIImageView+WebCache.m */; };
		BCA476031AD4D65600C40653 /* ZWDataCache.m in Sources */ = {isa = PBXBuildFile; fileRef = BCA476021AD4D65600C40653 /* ZWDataCache.m */; settings = {COMPILER_FLAGS = "-fobjc-arc"; }; };
		BCA476071AD4D74700C40653 /* NSString+Hashing.m in Sources */ = {isa = PBXBuildFile; fileRef = BCA476061AD4D74700C40653 /* NSString+Hashing.m */; settings = {COMPILER_FLAGS = "-fobjc-arc"; }; };
		BCB517001AC6A6EB004F206C /* main.m in Sources */ = {isa = PBXBuildFile; fileRef = BCB516FF1AC6A6EB004F206C /* main.m */; };
		BCB517031AC6A6EB004F206C /* AppDelegate.m in Sources */ = {isa = PBXBuildFile; fileRef = BCB517021AC6A6EB004F206C /* AppDelegate.m */; };
		BCB5170B1AC6A6EB004F206C /* Images.xcassets in Resources */ = {isa = PBXBuildFile; fileRef = BCB5170A1AC6A6EB004F206C /* Images.xcassets */; };
		BCB5171A1AC6A6EB004F206C /* ____Tests.m in Sources */ = {isa = PBXBuildFile; fileRef = BCB517191AC6A6EB004F206C /* ____Tests.m */; };
		BCBD1AA31AD257FF00C105E6 /* wm_mytakeaway_status_success_bkg@2x.png in Resources */ = {isa = PBXBuildFile; fileRef = BCBD1AA21AD257FF00C105E6 /* wm_mytakeaway_status_success_bkg@2x.png */; };
		BCBD1AA71AD25FE000C105E6 /* Detail_ShareByMail_D@2x.png in Resources */ = {isa = PBXBuildFile; fileRef = BCBD1AA61AD25FE000C105E6 /* Detail_ShareByMail_D@2x.png */; };
		BCBD1AAC1AD2662000C105E6 /* MainPageCell.m in Sources */ = {isa = PBXBuildFile; fileRef = BCBD1AAB1AD2662000C105E6 /* MainPageCell.m */; };
		BCBD1AAF1AD2665700C105E6 /* MainPageModel.m in Sources */ = {isa = PBXBuildFile; fileRef = BCBD1AAE1AD2665700C105E6 /* MainPageModel.m */; };
/* End PBXBuildFile section */

/* Begin PBXContainerItemProxy section */
		BCB517141AC6A6EB004F206C /* PBXContainerItemProxy */ = {
			isa = PBXContainerItemProxy;
			containerPortal = BCB516F21AC6A6EB004F206C /* Project object */;
			proxyType = 1;
			remoteGlobalIDString = BCB516F91AC6A6EB004F206C;
			remoteInfo = "大众点评";
		};
/* End PBXContainerItemProxy section */

/* Begin PBXFileReference section */
		1FBA920F1ACAE9480012AA79 /* baby@3x.png */ = {isa = PBXFileReference; lastKnownFileType = image.png; path = "baby@3x.png"; sourceTree = "<group>"; };
		1FBA92101ACAE9480012AA79 /* bar_o@3x.png */ = {isa = PBXFileReference; lastKnownFileType = image.png; path = "bar_o@3x.png"; sourceTree = "<group>"; };
		1FBA92111ACAE9480012AA79 /* beauty@3x.png */ = {isa = PBXFileReference; lastKnownFileType = image.png; path = "beauty@3x.png"; sourceTree = "<group>"; };
		1FBA92121ACAE9480012AA79 /* book_menu_u@3x.png */ = {isa = PBXFileReference; lastKnownFileType = image.png; path = "book_menu_u@3x.png"; sourceTree = "<group>"; };
		1FBA92131ACAE9480012AA79 /* booking_u@3x.png */ = {isa = PBXFileReference; lastKnownFileType = image.png; path = "booking_u@3x.png"; sourceTree = "<group>"; };
		1FBA92141ACAE9480012AA79 /* coffee@3x.png */ = {isa = PBXFileReference; lastKnownFileType = image.png; path = "coffee@3x.png"; sourceTree = "<group>"; };
		1FBA92151ACAE9480012AA79 /* discount_u@3x.png */ = {isa = PBXFileReference; lastKnownFileType = image.png; path = "discount_u@3x.png"; sourceTree = "<group>"; };
		1FBA92161ACAE9480012AA79 /* film_u@3x.png */ = {isa = PBXFileReference; lastKnownFileType = image.png; path = "film_u@3x.png"; sourceTree = "<group>"; };
		1FBA92171ACAE9480012AA79 /* food_u@3x.png */ = {isa = PBXFileReference; lastKnownFileType = image.png; path = "food_u@3x.png"; sourceTree = "<group>"; };
		1FBA92181ACAE9480012AA79 /* footer@3x.png */ = {isa = PBXFileReference; lastKnownFileType = image.png; path = "footer@3x.png"; sourceTree = "<group>"; };
		1FBA92191ACAE9480012AA79 /* groupon_u@3x.png */ = {isa = PBXFileReference; lastKnownFileType = image.png; path = "groupon_u@3x.png"; sourceTree = "<group>"; };
		1FBA921A1ACAE9480012AA79 /* home_footbar_icon_dianping_pressed@2x.png */ = {isa = PBXFileReference; lastKnownFileType = image.png; path = "home_footbar_icon_dianping_pressed@2x.png"; sourceTree = "<group>"; };
		1FBA921B1ACAE9480012AA79 /* home_footbar_icon_dianping_pressed@3x.png */ = {isa = PBXFileReference; lastKnownFileType = image.png; path = "home_footbar_icon_dianping_pressed@3x.png"; sourceTree = "<group>"; };
		1FBA921C1ACAE9480012AA79 /* home_footbar_icon_dianping@2x.png */ = {isa = PBXFileReference; lastKnownFileType = image.png; path = "home_footbar_icon_dianping@2x.png"; sourceTree = "<group>"; };
		1FBA921D1ACAE9480012AA79 /* home_footbar_icon_dianping@3x.png */ = {isa = PBXFileReference; lastKnownFileType = image.png; path = "home_footbar_icon_dianping@3x.png"; sourceTree = "<group>"; };
		1FBA921E1ACAE9480012AA79 /* home_footbar_icon_found_pressed@2x.png */ = {isa = PBXFileReference; lastKnownFileType = image.png; path = "home_footbar_icon_found_pressed@2x.png"; sourceTree = "<group>"; };
		1FBA921F1ACAE9480012AA79 /* home_footbar_icon_found_pressed@3x.png */ = {isa = PBXFileReference; lastKnownFileType = image.png; path = "home_footbar_icon_found_pressed@3x.png"; sourceTree = "<group>"; };
		1FBA92201ACAE9480012AA79 /* home_footbar_icon_found@2x.png */ = {isa = PBXFileReference; lastKnownFileType = image.png; path = "home_footbar_icon_found@2x.png"; sourceTree = "<group>"; };
		1FBA92211ACAE9480012AA79 /* home_footbar_icon_found@3x.png */ = {isa = PBXFileReference; lastKnownFileType = image.png; path = "home_footbar_icon_found@3x.png"; sourceTree = "<group>"; };
		1FBA92221ACAE9480012AA79 /* home_footbar_icon_group_pressed@2x.png */ = {isa = PBXFileReference; lastKnownFileType = image.png; path = "home_footbar_icon_group_pressed@2x.png"; sourceTree = "<group>"; };
		1FBA92231ACAE9480012AA79 /* home_footbar_icon_group_pressed@3x.png */ = {isa = PBXFileReference; lastKnownFileType = image.png; path = "home_footbar_icon_group_pressed@3x.png"; sourceTree = "<group>"; };
		1FBA92241ACAE9480012AA79 /* home_footbar_icon_group@2x.png */ = {isa = PBXFileReference; lastKnownFileType = image.png; path = "home_footbar_icon_group@2x.png"; sourceTree = "<group>"; };
		1FBA92251ACAE9480012AA79 /* home_footbar_icon_group@3x.png */ = {isa = PBXFileReference; lastKnownFileType = image.png; path = "home_footbar_icon_group@3x.png"; sourceTree = "<group>"; };
		1FBA92261ACAE9480012AA79 /* home_footbar_icon_my_pressed@2x.png */ = {isa = PBXFileReference; lastKnownFileType = image.png; path = "home_footbar_icon_my_pressed@2x.png"; sourceTree = "<group>"; };
		1FBA92271ACAE9480012AA79 /* home_footbar_icon_my_pressed@3x.png */ = {isa = PBXFileReference; lastKnownFileType = image.png; path = "home_footbar_icon_my_pressed@3x.png"; sourceTree = "<group>"; };
		1FBA92281ACAE9480012AA79 /* home_footbar_icon_my@2x.png */ = {isa = PBXFileReference; lastKnownFileType = image.png; path = "home_footbar_icon_my@2x.png"; sourceTree = "<group>"; };
		1FBA92291ACAE9480012AA79 /* home_footbar_icon_my@3x.png */ = {isa = PBXFileReference; lastKnownFileType = image.png; path = "home_footbar_icon_my@3x.png"; sourceTree = "<group>"; };
		1FBA922A1ACAE9480012AA79 /* hotel_u@3x.png */ = {isa = PBXFileReference; lastKnownFileType = image.png; path = "hotel_u@3x.png"; sourceTree = "<group>"; };
		1FBA922B1ACAE9480012AA79 /* jiazhuang@3x.png */ = {isa = PBXFileReference; lastKnownFileType = image.png; path = "jiazhuang@3x.png"; sourceTree = "<group>"; };
		1FBA922C1ACAE9480012AA79 /* ktv_u@3x.png */ = {isa = PBXFileReference; lastKnownFileType = image.png; path = "ktv_u@3x.png"; sourceTree = "<group>"; };
		1FBA922D1ACAE9480012AA79 /* locate_u@3x.png */ = {isa = PBXFileReference; lastKnownFileType = image.png; path = "locate_u@3x.png"; sourceTree = "<group>"; };
		1FBA922E1ACAE9480012AA79 /* marry_u@3x.png */ = {isa = PBXFileReference; lastKnownFileType = image.png; path = "marry_u@3x.png"; sourceTree = "<group>"; };
		1FBA922F1ACAE9480012AA79 /* marry@3x.png */ = {isa = PBXFileReference; lastKnownFileType = image.png; path = "marry@3x.png"; sourceTree = "<group>"; };
		1FBA92301ACAE9480012AA79 /* more_o@3x.png */ = {isa = PBXFileReference; lastKnownFileType = image.png; path = "more_o@3x.png"; sourceTree = "<group>"; };
		1FBA92311ACAE9480012AA79 /* shoppingmall@3x.png */ = {isa = PBXFileReference; lastKnownFileType = image.png; path = "shoppingmall@3x.png"; sourceTree = "<group>"; };
		1FBA92321ACAE9480012AA79 /* snack_u@3x.png */ = {isa = PBXFileReference; lastKnownFileType = image.png; path = "snack_u@3x.png"; sourceTree = "<group>"; };
		1FBA92331ACAE9480012AA79 /* takeaway_u@3x.png */ = {isa = PBXFileReference; lastKnownFileType = image.png; path = "takeaway_u@3x.png"; sourceTree = "<group>"; };
		1FBA92341ACAE9480012AA79 /* topic_u@2x.png */ = {isa = PBXFileReference; lastKnownFileType = image.png; path = "topic_u@2x.png"; sourceTree = "<group>"; };
		1FBA92351ACAE9480012AA79 /* vip@3x.png */ = {isa = PBXFileReference; lastKnownFileType = image.png; path = "vip@3x.png"; sourceTree = "<group>"; };
		A76267E51ACACEDA0011C98F /* personal_icon_send@2x.png */ = {isa = PBXFileReference; lastKnownFileType = image.png; path = "personal_icon_send@2x.png"; sourceTree = "<group>"; };
		A76267E61ACACEDA0011C98F /* navibar_icon_arrow_down@2x.png */ = {isa = PBXFileReference; lastKnownFileType = image.png; path = "navibar_icon_arrow_down@2x.png"; sourceTree = "<group>"; };
		A76267E91ACACFC50011C98F /* ZKButton.h */ = {isa = PBXFileReference; fileEncoding = 4; lastKnownFileType = sourcecode.c.h; path = ZKButton.h; sourceTree = "<group>"; };
		A76267EA1ACACFC50011C98F /* ZKButton.m */ = {isa = PBXFileReference; fileEncoding = 4; lastKnownFileType = sourcecode.c.objc; path = ZKButton.m; sourceTree = "<group>"; };
		BC0F2C7A1ACEBCA800C7370B /* MJRefresh.bundle */ = {isa = PBXFileReference; lastKnownFileType = "wrapper.plug-in"; path = MJRefresh.bundle; sourceTree = "<group>"; };
		BC0F2C7B1ACEBCA800C7370B /* MJRefresh.h */ = {isa = PBXFileReference; fileEncoding = 4; lastKnownFileType = sourcecode.c.h; path = MJRefresh.h; sourceTree = "<group>"; };
		BC0F2C7C1ACEBCA800C7370B /* MJRefreshBaseView.h */ = {isa = PBXFileReference; fileEncoding = 4; lastKnownFileType = sourcecode.c.h; path = MJRefreshBaseView.h; sourceTree = "<group>"; };
		BC0F2C7D1ACEBCA800C7370B /* MJRefreshBaseView.m */ = {isa = PBXFileReference; fileEncoding = 4; lastKnownFileType = sourcecode.c.objc; path = MJRefreshBaseView.m; sourceTree = "<group>"; };
		BC0F2C7E1ACEBCA800C7370B /* MJRefreshConst.h */ = {isa = PBXFileReference; fileEncoding = 4; lastKnownFileType = sourcecode.c.h; path = MJRefreshConst.h; sourceTree = "<group>"; };
		BC0F2C7F1ACEBCA800C7370B /* MJRefreshConst.m */ = {isa = PBXFileReference; fileEncoding = 4; lastKnownFileType = sourcecode.c.objc; path = MJRefreshConst.m; sourceTree = "<group>"; };
		BC0F2C801ACEBCA800C7370B /* MJRefreshFooterView.h */ = {isa = PBXFileReference; fileEncoding = 4; lastKnownFileType = sourcecode.c.h; path = MJRefreshFooterView.h; sourceTree = "<group>"; };
		BC0F2C811ACEBCA800C7370B /* MJRefreshFooterView.m */ = {isa = PBXFileReference; fileEncoding = 4; lastKnownFileType = sourcecode.c.objc; path = MJRefreshFooterView.m; sourceTree = "<group>"; };
		BC0F2C821ACEBCA800C7370B /* MJRefreshHeaderView.h */ = {isa = PBXFileReference; fileEncoding = 4; lastKnownFileType = sourcecode.c.h; path = MJRefreshHeaderView.h; sourceTree = "<group>"; };
		BC0F2C831ACEBCA800C7370B /* MJRefreshHeaderView.m */ = {isa = PBXFileReference; fileEncoding = 4; lastKnownFileType = sourcecode.c.objc; path = MJRefreshHeaderView.m; sourceTree = "<group>"; };
		BC0F2CAF1ACFE62000C7370B /* scenicspots_o@2x.png */ = {isa = PBXFileReference; lastKnownFileType = image.png; path = "scenicspots_o@2x.png"; sourceTree = "<group>"; };
		BC0F2CB11ACFE67500C7370B /* ktv_u@2x.png */ = {isa = PBXFileReference; lastKnownFileType = image.png; path = "ktv_u@2x.png"; sourceTree = "<group>"; };
		BC0F2CB31ACFE6CE00C7370B /* marry_u@2x.png */ = {isa = PBXFileReference; lastKnownFileType = image.png; path = "marry_u@2x.png"; sourceTree = "<group>"; };
		BC0F2CB51ACFE78800C7370B /* snack_u@2x.png */ = {isa = PBXFileReference; lastKnownFileType = image.png; path = "snack_u@2x.png"; sourceTree = "<group>"; };
		BC0F2CB71ACFE7A400C7370B /* relax.png */ = {isa = PBXFileReference; lastKnownFileType = image.png; path = relax.png; sourceTree = "<group>"; };
		BC0F2CB81ACFE7A400C7370B /* relax@3x.png */ = {isa = PBXFileReference; lastKnownFileType = image.png; path = "relax@3x.png"; sourceTree = "<group>"; };
		BC0F2CBB1ACFE7CD00C7370B /* more_o@2x.png */ = {isa = PBXFileReference; lastKnownFileType = image.png; path = "more_o@2x.png"; sourceTree = "<group>"; };
		BC0F2CBD1ACFE7EA00C7370B /* groupon_u@2x.png */ = {isa = PBXFileReference; lastKnownFileType = image.png; path = "groupon_u@2x.png"; sourceTree = "<group>"; };
		BC0F2CBF1ACFE80B00C7370B /* hotel_u@2x.png */ = {isa = PBXFileReference; lastKnownFileType = image.png; path = "hotel_u@2x.png"; sourceTree = "<group>"; };
		BC0F2CC11ACFE82700C7370B /* takeaway_u@2x.png */ = {isa = PBXFileReference; lastKnownFileType = image.png; path = "takeaway_u@2x.png"; sourceTree = "<group>"; };
		BC0F2CC31ACFE83E00C7370B /* film_u@2x.png */ = {isa = PBXFileReference; lastKnownFileType = image.png; path = "film_u@2x.png"; sourceTree = "<group>"; };
		BC0F2CC51ACFE8C000C7370B /* booking_u@2x.png */ = {isa = PBXFileReference; lastKnownFileType = image.png; path = "booking_u@2x.png"; sourceTree = "<group>"; };
		BC0F2CC71ACFE8D700C7370B /* discount_u@2x.png */ = {isa = PBXFileReference; lastKnownFileType = image.png; path = "discount_u@2x.png"; sourceTree = "<group>"; };
		BC30CB891AC7DC3900FD138A /* RootVC.h */ = {isa = PBXFileReference; fileEncoding = 4; lastKnownFileType = sourcecode.c.h; path = RootVC.h; sourceTree = "<group>"; };
		BC30CB8A1AC7DC3900FD138A /* RootVC.m */ = {isa = PBXFileReference; fileEncoding = 4; lastKnownFileType = sourcecode.c.objc; path = RootVC.m; sourceTree = "<group>"; };
		BC30CB8C1AC7DC4E00FD138A /* RefreshVC.h */ = {isa = PBXFileReference; fileEncoding = 4; lastKnownFileType = sourcecode.c.h; path = RefreshVC.h; sourceTree = "<group>"; };
		BC30CB8D1AC7DC4E00FD138A /* RefreshVC.m */ = {isa = PBXFileReference; fileEncoding = 4; lastKnownFileType = sourcecode.c.objc; path = RefreshVC.m; sourceTree = "<group>"; };
		BC30CB8F1AC7DC7300FD138A /* MainVC.h */ = {isa = PBXFileReference; fileEncoding = 4; lastKnownFileType = sourcecode.c.h; path = MainVC.h; sourceTree = "<group>"; };
		BC30CB901AC7DC7300FD138A /* MainVC.m */ = {isa = PBXFileReference; fileEncoding = 4; lastKnownFileType = sourcecode.c.objc; path = MainVC.m; sourceTree = "<group>"; };
		BC30CB921AC7DC8700FD138A /* GroupVC.h */ = {isa = PBXFileReference; fileEncoding = 4; lastKnownFileType = sourcecode.c.h; path = GroupVC.h; sourceTree = "<group>"; };
		BC30CB931AC7DC8700FD138A /* GroupVC.m */ = {isa = PBXFileReference; fileEncoding = 4; lastKnownFileType = sourcecode.c.objc; path = GroupVC.m; sourceTree = "<group>"; };
		BC30CB951AC7DC9E00FD138A /* DiscoveryVC.h */ = {isa = PBXFileReference; fileEncoding = 4; lastKnownFileType = sourcecode.c.h; path = DiscoveryVC.h; sourceTree = "<group>"; };
		BC30CB961AC7DC9E00FD138A /* DiscoveryVC.m */ = {isa = PBXFileReference; fileEncoding = 4; lastKnownFileType = sourcecode.c.objc; path = DiscoveryVC.m; sourceTree = "<group>"; };
		BC30CB981AC7DCBD00FD138A /* MineVC.h */ = {isa = PBXFileReference; fileEncoding = 4; lastKnownFileType = sourcecode.c.h; path = MineVC.h; sourceTree = "<group>"; };
		BC30CB991AC7DCBD00FD138A /* MineVC.m */ = {isa = PBXFileReference; fileEncoding = 4; lastKnownFileType = sourcecode.c.objc; path = MineVC.m; sourceTree = "<group>"; };
		BC319AB61AD16D16005BBD3C /* drawbg@2x.png */ = {isa = PBXFileReference; lastKnownFileType = image.png; path = "drawbg@2x.png"; sourceTree = "<group>"; };
		BC7206BE1ACE346F0018FCFC /* DPAPI.h */ = {isa = PBXFileReference; fileEncoding = 4; lastKnownFileType = sourcecode.c.h; path = DPAPI.h; sourceTree = "<group>"; };
		BC7206BF1ACE346F0018FCFC /* DPAPI.m */ = {isa = PBXFileReference; fileEncoding = 4; lastKnownFileType = sourcecode.c.objc; path = DPAPI.m; sourceTree = "<group>"; };
		BC7206C01ACE346F0018FCFC /* DPConstants.h */ = {isa = PBXFileReference; fileEncoding = 4; lastKnownFileType = sourcecode.c.h; path = DPConstants.h; sourceTree = "<group>"; };
		BC7206C11ACE346F0018FCFC /* DPRequest.h */ = {isa = PBXFileReference; fileEncoding = 4; lastKnownFileType = sourcecode.c.h; path = DPRequest.h; sourceTree = "<group>"; };
		BC7206C21ACE346F0018FCFC /* DPRequest.m */ = {isa = PBXFileReference; fileEncoding = 4; lastKnownFileType = sourcecode.c.objc; path = DPRequest.m; sourceTree = "<group>"; };
		BC7206C41ACE346F0018FCFC /* NSObject+SBJson.h */ = {isa = PBXFileReference; fileEncoding = 4; lastKnownFileType = sourcecode.c.h; path = "NSObject+SBJson.h"; sourceTree = "<group>"; };
		BC7206C51ACE346F0018FCFC /* NSObject+SBJson.m */ = {isa = PBXFileReference; fileEncoding = 4; lastKnownFileType = sourcecode.c.objc; path = "NSObject+SBJson.m"; sourceTree = "<group>"; };
		BC7206C61ACE346F0018FCFC /* SBJson.h */ = {isa = PBXFileReference; fileEncoding = 4; lastKnownFileType = sourcecode.c.h; path = SBJson.h; sourceTree = "<group>"; };
		BC7206C71ACE346F0018FCFC /* SBJsonParser.h */ = {isa = PBXFileReference; fileEncoding = 4; lastKnownFileType = sourcecode.c.h; path = SBJsonParser.h; sourceTree = "<group>"; };
		BC7206C81ACE346F0018FCFC /* SBJsonParser.m */ = {isa = PBXFileReference; fileEncoding = 4; lastKnownFileType = sourcecode.c.objc; path = SBJsonParser.m; sourceTree = "<group>"; };
		BC7206C91ACE346F0018FCFC /* SBJsonStreamParser.h */ = {isa = PBXFileReference; fileEncoding = 4; lastKnownFileType = sourcecode.c.h; path = SBJsonStreamParser.h; sourceTree = "<group>"; };
		BC7206CA1ACE346F0018FCFC /* SBJsonStreamParser.m */ = {isa = PBXFileReference; fileEncoding = 4; lastKnownFileType = sourcecode.c.objc; path = SBJsonStreamParser.m; sourceTree = "<group>"; };
		BC7206CB1ACE346F0018FCFC /* SBJsonStreamParserAccumulator.h */ = {isa = PBXFileReference; fileEncoding = 4; lastKnownFileType = sourcecode.c.h; path = SBJsonStreamParserAccumulator.h; sourceTree = "<group>"; };
		BC7206CC1ACE346F0018FCFC /* SBJsonStreamParserAccumulator.m */ = {isa = PBXFileReference; fileEncoding = 4; lastKnownFileType = sourcecode.c.objc; path = SBJsonStreamParserAccumulator.m; sourceTree = "<group>"; };
		BC7206CD1ACE346F0018FCFC /* SBJsonStreamParserAdapter.h */ = {isa = PBXFileReference; fileEncoding = 4; lastKnownFileType = sourcecode.c.h; path = SBJsonStreamParserAdapter.h; sourceTree = "<group>"; };
		BC7206CE1ACE346F0018FCFC /* SBJsonStreamParserAdapter.m */ = {isa = PBXFileReference; fileEncoding = 4; lastKnownFileType = sourcecode.c.objc; path = SBJsonStreamParserAdapter.m; sourceTree = "<group>"; };
		BC7206CF1ACE346F0018FCFC /* SBJsonStreamParserState.h */ = {isa = PBXFileReference; fileEncoding = 4; lastKnownFileType = sourcecode.c.h; path = SBJsonStreamParserState.h; sourceTree = "<group>"; };
		BC7206D01ACE346F0018FCFC /* SBJsonStreamParserState.m */ = {isa = PBXFileReference; fileEncoding = 4; lastKnownFileType = sourcecode.c.objc; path = SBJsonStreamParserState.m; sourceTree = "<group>"; };
		BC7206D11ACE346F0018FCFC /* SBJsonStreamWriter.h */ = {isa = PBXFileReference; fileEncoding = 4; lastKnownFileType = sourcecode.c.h; path = SBJsonStreamWriter.h; sourceTree = "<group>"; };
		BC7206D21ACE346F0018FCFC /* SBJsonStreamWriter.m */ = {isa = PBXFileReference; fileEncoding = 4; lastKnownFileType = sourcecode.c.objc; path = SBJsonStreamWriter.m; sourceTree = "<group>"; };
		BC7206D31ACE346F0018FCFC /* SBJsonStreamWriterAccumulator.h */ = {isa = PBXFileReference; fileEncoding = 4; lastKnownFileType = sourcecode.c.h; path = SBJsonStreamWriterAccumulator.h; sourceTree = "<group>"; };
		BC7206D41ACE346F0018FCFC /* SBJsonStreamWriterAccumulator.m */ = {isa = PBXFileReference; fileEncoding = 4; lastKnownFileType = sourcecode.c.objc; path = SBJsonStreamWriterAccumulator.m; sourceTree = "<group>"; };
		BC7206D51ACE346F0018FCFC /* SBJsonStreamWriterState.h */ = {isa = PBXFileReference; fileEncoding = 4; lastKnownFileType = sourcecode.c.h; path = SBJsonStreamWriterState.h; sourceTree = "<group>"; };
		BC7206D61ACE346F0018FCFC /* SBJsonStreamWriterState.m */ = {isa = PBXFileReference; fileEncoding = 4; lastKnownFileType = sourcecode.c.objc; path = SBJsonStreamWriterState.m; sourceTree = "<group>"; };
		BC7206D71ACE346F0018FCFC /* SBJsonTokeniser.h */ = {isa = PBXFileReference; fileEncoding = 4; lastKnownFileType = sourcecode.c.h; path = SBJsonTokeniser.h; sourceTree = "<group>"; };
		BC7206D81ACE346F0018FCFC /* SBJsonTokeniser.m */ = {isa = PBXFileReference; fileEncoding = 4; lastKnownFileType = sourcecode.c.objc; path = SBJsonTokeniser.m; sourceTree = "<group>"; };
		BC7206D91ACE346F0018FCFC /* SBJsonUTF8Stream.h */ = {isa = PBXFileReference; fileEncoding = 4; lastKnownFileType = sourcecode.c.h; path = SBJsonUTF8Stream.h; sourceTree = "<group>"; };
		BC7206DA1ACE346F0018FCFC /* SBJsonUTF8Stream.m */ = {isa = PBXFileReference; fileEncoding = 4; lastKnownFileType = sourcecode.c.objc; path = SBJsonUTF8Stream.m; sourceTree = "<group>"; };
		BC7206DB1ACE346F0018FCFC /* SBJsonWriter.h */ = {isa = PBXFileReference; fileEncoding = 4; lastKnownFileType = sourcecode.c.h; path = SBJsonWriter.h; sourceTree = "<group>"; };
		BC7206DC1ACE346F0018FCFC /* SBJsonWriter.m */ = {isa = PBXFileReference; fileEncoding = 4; lastKnownFileType = sourcecode.c.objc; path = SBJsonWriter.m; sourceTree = "<group>"; };
		BC7C5FB51AC7DA0D0034C597 /* TabBarCon.h */ = {isa = PBXFileReference; fileEncoding = 4; lastKnownFileType = sourcecode.c.h; path = TabBarCon.h; sourceTree = "<group>"; };
		BC7C5FB61AC7DA0D0034C597 /* TabBarCon.m */ = {isa = PBXFileReference; fileEncoding = 4; lastKnownFileType = sourcecode.c.objc; path = TabBarCon.m; sourceTree = "<group>"; };
		BCA475E11AD3C60B00C40653 /* LICENSE */ = {isa = PBXFileReference; fileEncoding = 4; lastKnownFileType = text; path = LICENSE; sourceTree = "<group>"; };
		BCA475E21AD3C60B00C40653 /* README.md */ = {isa = PBXFileReference; fileEncoding = 4; lastKnownFileType = net.daringfireball.markdown; path = README.md; sourceTree = "<group>"; };
		BCA475E31AD3C60B00C40653 /* SDImageCache.h */ = {isa = PBXFileReference; fileEncoding = 4; lastKnownFileType = sourcecode.c.h; path = SDImageCache.h; sourceTree = "<group>"; };
		BCA475E41AD3C60B00C40653 /* SDImageCache.m */ = {isa = PBXFileReference; fileEncoding = 4; lastKnownFileType = sourcecode.c.objc; path = SDImageCache.m; sourceTree = "<group>"; };
		BCA475E51AD3C60B00C40653 /* SDImageCacheDelegate.h */ = {isa = PBXFileReference; fileEncoding = 4; lastKnownFileType = sourcecode.c.h; path = SDImageCacheDelegate.h; sourceTree = "<group>"; };
		BCA475E61AD3C60B00C40653 /* SDWebImageCompat.h */ = {isa = PBXFileReference; fileEncoding = 4; lastKnownFileType = sourcecode.c.h; path = SDWebImageCompat.h; sourceTree = "<group>"; };
		BCA475E71AD3C60B00C40653 /* SDWebImageDecoder.h */ = {isa = PBXFileReference; fileEncoding = 4; lastKnownFileType = sourcecode.c.h; path = SDWebImageDecoder.h; sourceTree = "<group>"; };
		BCA475E81AD3C60B00C40653 /* SDWebImageDecoder.m */ = {isa = PBXFileReference; fileEncoding = 4; lastKnownFileType = sourcecode.c.objc; path = SDWebImageDecoder.m; sourceTree = "<group>"; };
		BCA475E91AD3C60B00C40653 /* SDWebImageDownloader.h */ = {isa = PBXFileReference; fileEncoding = 4; lastKnownFileType = sourcecode.c.h; path = SDWebImageDownloader.h; sourceTree = "<group>"; };
		BCA475EA1AD3C60B00C40653 /* SDWebImageDownloader.m */ = {isa = PBXFileReference; fileEncoding = 4; lastKnownFileType = sourcecode.c.objc; path = SDWebImageDownloader.m; sourceTree = "<group>"; };
		BCA475EB1AD3C60B00C40653 /* SDWebImageDownloaderDelegate.h */ = {isa = PBXFileReference; fileEncoding = 4; lastKnownFileType = sourcecode.c.h; path = SDWebImageDownloaderDelegate.h; sourceTree = "<group>"; };
		BCA475EC1AD3C60B00C40653 /* SDWebImageManager.h */ = {isa = PBXFileReference; fileEncoding = 4; lastKnownFileType = sourcecode.c.h; path = SDWebImageManager.h; sourceTree = "<group>"; };
		BCA475ED1AD3C60B00C40653 /* SDWebImageManager.m */ = {isa = PBXFileReference; fileEncoding = 4; lastKnownFileType = sourcecode.c.objc; path = SDWebImageManager.m; sourceTree = "<group>"; };
		BCA475EE1AD3C60B00C40653 /* SDWebImageManagerDelegate.h */ = {isa = PBXFileReference; fileEncoding = 4; lastKnownFileType = sourcecode.c.h; path = SDWebImageManagerDelegate.h; sourceTree = "<group>"; };
		BCA475EF1AD3C60B00C40653 /* SDWebImagePrefetcher.h */ = {isa = PBXFileReference; fileEncoding = 4; lastKnownFileType = sourcecode.c.h; path = SDWebImagePrefetcher.h; sourceTree = "<group>"; };
		BCA475F01AD3C60B00C40653 /* SDWebImagePrefetcher.m */ = {isa = PBXFileReference; fileEncoding = 4; lastKnownFileType = sourcecode.c.objc; path = SDWebImagePrefetcher.m; sourceTree = "<group>"; };
		BCA475F11AD3C60B00C40653 /* UIButton+WebCache.h */ = {isa = PBXFileReference; fileEncoding = 4; lastKnownFileType = sourcecode.c.h; path = "UIButton+WebCache.h"; sourceTree = "<group>"; };
		BCA475F21AD3C60B00C40653 /* UIButton+WebCache.m */ = {isa = PBXFileReference; fileEncoding = 4; lastKnownFileType = sourcecode.c.objc; path = "UIButton+WebCache.m"; sourceTree = "<group>"; };
		BCA475F31AD3C60B00C40653 /* UIImageView+WebCache.h */ = {isa = PBXFileReference; fileEncoding = 4; lastKnownFileType = sourcecode.c.h; path = "UIImageView+WebCache.h"; sourceTree = "<group>"; };
		BCA475F41AD3C60B00C40653 /* UIImageView+WebCache.m */ = {isa = PBXFileReference; fileEncoding = 4; lastKnownFileType = sourcecode.c.objc; path = "UIImageView+WebCache.m"; sourceTree = "<group>"; };
		BCA475FE1AD3DC6800C40653 /* Header.h */ = {isa = PBXFileReference; lastKnownFileType = sourcecode.c.h; path = Header.h; sourceTree = "<group>"; };
		BCA475FF1AD3DD2500C40653 /* PrefixHeader.pch */ = {isa = PBXFileReference; lastKnownFileType = sourcecode.c.h; path = PrefixHeader.pch; sourceTree = "<group>"; };
		BCA476011AD4D65600C40653 /* ZWDataCache.h */ = {isa = PBXFileReference; fileEncoding = 4; lastKnownFileType = sourcecode.c.h; path = ZWDataCache.h; sourceTree = "<group>"; };
		BCA476021AD4D65600C40653 /* ZWDataCache.m */ = {isa = PBXFileReference; fileEncoding = 4; lastKnownFileType = sourcecode.c.objc; path = ZWDataCache.m; sourceTree = "<group>"; };
		BCA476051AD4D74700C40653 /* NSString+Hashing.h */ = {isa = PBXFileReference; fileEncoding = 4; lastKnownFileType = sourcecode.c.h; path = "NSString+Hashing.h"; sourceTree = "<group>"; };
		BCA476061AD4D74700C40653 /* NSString+Hashing.m */ = {isa = PBXFileReference; fileEncoding = 4; lastKnownFileType = sourcecode.c.objc; path = "NSString+Hashing.m"; sourceTree = "<group>"; };
		BCB516FA1AC6A6EB004F206C /* 大众点评.app */ = {isa = PBXFileReference; explicitFileType = wrapper.application; includeInIndex = 0; path = "大众点评.app"; sourceTree = BUILT_PRODUCTS_DIR; };
		BCB516FE1AC6A6EB004F206C /* Info.plist */ = {isa = PBXFileReference; lastKnownFileType = text.plist.xml; path = Info.plist; sourceTree = "<group>"; };
		BCB516FF1AC6A6EB004F206C /* main.m */ = {isa = PBXFileReference; lastKnownFileType = sourcecode.c.objc; path = main.m; sourceTree = "<group>"; };
		BCB517011AC6A6EB004F206C /* AppDelegate.h */ = {isa = PBXFileReference; lastKnownFileType = sourcecode.c.h; path = AppDelegate.h; sourceTree = "<group>"; };
		BCB517021AC6A6EB004F206C /* AppDelegate.m */ = {isa = PBXFileReference; lastKnownFileType = sourcecode.c.objc; path = AppDelegate.m; sourceTree = "<group>"; };
		BCB5170A1AC6A6EB004F206C /* Images.xcassets */ = {isa = PBXFileReference; lastKnownFileType = folder.assetcatalog; path = Images.xcassets; sourceTree = "<group>"; };
		BCB517131AC6A6EB004F206C /* 大众点评Tests.xctest */ = {isa = PBXFileReference; explicitFileType = wrapper.cfbundle; includeInIndex = 0; path = "大众点评Tests.xctest"; sourceTree = BUILT_PRODUCTS_DIR; };
		BCB517181AC6A6EB004F206C /* Info.plist */ = {isa = PBXFileReference; lastKnownFileType = text.plist.xml; path = Info.plist; sourceTree = "<group>"; };
		BCB517191AC6A6EB004F206C /* ____Tests.m */ = {isa = PBXFileReference; lastKnownFileType = sourcecode.c.objc; path = "____Tests.m"; sourceTree = "<group>"; };
		BCBD1AA21AD257FF00C105E6 /* wm_mytakeaway_status_success_bkg@2x.png */ = {isa = PBXFileReference; lastKnownFileType = image.png; path = "wm_mytakeaway_status_success_bkg@2x.png"; sourceTree = "<group>"; };
		BCBD1AA61AD25FE000C105E6 /* Detail_ShareByMail_D@2x.png */ = {isa = PBXFileReference; lastKnownFileType = image.png; path = "Detail_ShareByMail_D@2x.png"; sourceTree = "<group>"; };
		BCBD1AAA1AD2662000C105E6 /* MainPageCell.h */ = {isa = PBXFileReference; fileEncoding = 4; lastKnownFileType = sourcecode.c.h; path = MainPageCell.h; sourceTree = "<group>"; };
		BCBD1AAB1AD2662000C105E6 /* MainPageCell.m */ = {isa = PBXFileReference; fileEncoding = 4; lastKnownFileType = sourcecode.c.objc; path = MainPageCell.m; sourceTree = "<group>"; };
		BCBD1AAD1AD2665700C105E6 /* MainPageModel.h */ = {isa = PBXFileReference; fileEncoding = 4; lastKnownFileType = sourcecode.c.h; path = MainPageModel.h; sourceTree = "<group>"; };
		BCBD1AAE1AD2665700C105E6 /* MainPageModel.m */ = {isa = PBXFileReference; fileEncoding = 4; lastKnownFileType = sourcecode.c.objc; path = MainPageModel.m; sourceTree = "<group>"; };
/* End PBXFileReference section */

/* Begin PBXFrameworksBuildPhase section */
		BCB516F71AC6A6EB004F206C /* Frameworks */ = {
			isa = PBXFrameworksBuildPhase;
			buildActionMask = 2147483647;
			files = (
			);
			runOnlyForDeploymentPostprocessing = 0;
		};
		BCB517101AC6A6EB004F206C /* Frameworks */ = {
			isa = PBXFrameworksBuildPhase;
			buildActionMask = 2147483647;
			files = (
			);
			runOnlyForDeploymentPostprocessing = 0;
		};
/* End PBXFrameworksBuildPhase section */

/* Begin PBXGroup section */
		1FBA92791ACAED3C0012AA79 /* ThirdLib */ = {
			isa = PBXGroup;
			children = (
				BCA476041AD4D74700C40653 /* MD5 */,
				BC0F2C791ACEBCA800C7370B /* MJRefresh */,
				BC7206BD1ACE346F0018FCFC /* dianpingapi */,
				BC7206C31ACE346F0018FCFC /* SBJson */,
			);
			path = ThirdLib;
			sourceTree = "<group>";
		};
		BC0F2C791ACEBCA800C7370B /* MJRefresh */ = {
			isa = PBXGroup;
			children = (
				BC0F2C7A1ACEBCA800C7370B /* MJRefresh.bundle */,
				BC0F2C7B1ACEBCA800C7370B /* MJRefresh.h */,
				BC0F2C7C1ACEBCA800C7370B /* MJRefreshBaseView.h */,
				BC0F2C7D1ACEBCA800C7370B /* MJRefreshBaseView.m */,
				BC0F2C7E1ACEBCA800C7370B /* MJRefreshConst.h */,
				BC0F2C7F1ACEBCA800C7370B /* MJRefreshConst.m */,
				BC0F2C801ACEBCA800C7370B /* MJRefreshFooterView.h */,
				BC0F2C811ACEBCA800C7370B /* MJRefreshFooterView.m */,
				BC0F2C821ACEBCA800C7370B /* MJRefreshHeaderView.h */,
				BC0F2C831ACEBCA800C7370B /* MJRefreshHeaderView.m */,
			);
			path = MJRefresh;
			sourceTree = "<group>";
		};
		BC30CB9B1AC7E27D00FD138A /* images */ = {
			isa = PBXGroup;
			children = (
				BCBD1AA61AD25FE000C105E6 /* Detail_ShareByMail_D@2x.png */,
				BCBD1AA21AD257FF00C105E6 /* wm_mytakeaway_status_success_bkg@2x.png */,
				BC319AB61AD16D16005BBD3C /* drawbg@2x.png */,
				BC0F2CC71ACFE8D700C7370B /* discount_u@2x.png */,
				BC0F2CC51ACFE8C000C7370B /* booking_u@2x.png */,
				BC0F2CC31ACFE83E00C7370B /* film_u@2x.png */,
				BC0F2CC11ACFE82700C7370B /* takeaway_u@2x.png */,
				BC0F2CBF1ACFE80B00C7370B /* hotel_u@2x.png */,
				BC0F2CBD1ACFE7EA00C7370B /* groupon_u@2x.png */,
				BC0F2CBB1ACFE7CD00C7370B /* more_o@2x.png */,
				BC0F2CB71ACFE7A400C7370B /* relax.png */,
				BC0F2CB81ACFE7A400C7370B /* relax@3x.png */,
				BC0F2CB51ACFE78800C7370B /* snack_u@2x.png */,
				BC0F2CB31ACFE6CE00C7370B /* marry_u@2x.png */,
				BC0F2CB11ACFE67500C7370B /* ktv_u@2x.png */,
				BC0F2CAF1ACFE62000C7370B /* scenicspots_o@2x.png */,
				1FBA920F1ACAE9480012AA79 /* baby@3x.png */,
				1FBA92101ACAE9480012AA79 /* bar_o@3x.png */,
				1FBA92111ACAE9480012AA79 /* beauty@3x.png */,
				1FBA92121ACAE9480012AA79 /* book_menu_u@3x.png */,
				1FBA92131ACAE9480012AA79 /* booking_u@3x.png */,
				1FBA92141ACAE9480012AA79 /* coffee@3x.png */,
				1FBA92151ACAE9480012AA79 /* discount_u@3x.png */,
				1FBA92161ACAE9480012AA79 /* film_u@3x.png */,
				1FBA92171ACAE9480012AA79 /* food_u@3x.png */,
				1FBA92181ACAE9480012AA79 /* footer@3x.png */,
				1FBA92191ACAE9480012AA79 /* groupon_u@3x.png */,
				1FBA921A1ACAE9480012AA79 /* home_footbar_icon_dianping_pressed@2x.png */,
				1FBA921B1ACAE9480012AA79 /* home_footbar_icon_dianping_pressed@3x.png */,
				1FBA921C1ACAE9480012AA79 /* home_footbar_icon_dianping@2x.png */,
				1FBA921D1ACAE9480012AA79 /* home_footbar_icon_dianping@3x.png */,
				1FBA921E1ACAE9480012AA79 /* home_footbar_icon_found_pressed@2x.png */,
				1FBA921F1ACAE9480012AA79 /* home_footbar_icon_found_pressed@3x.png */,
				1FBA92201ACAE9480012AA79 /* home_footbar_icon_found@2x.png */,
				1FBA92211ACAE9480012AA79 /* home_footbar_icon_found@3x.png */,
				1FBA92221ACAE9480012AA79 /* home_footbar_icon_group_pressed@2x.png */,
				1FBA92231ACAE9480012AA79 /* home_footbar_icon_group_pressed@3x.png */,
				1FBA92241ACAE9480012AA79 /* home_footbar_icon_group@2x.png */,
				1FBA92251ACAE9480012AA79 /* home_footbar_icon_group@3x.png */,
				1FBA92261ACAE9480012AA79 /* home_footbar_icon_my_pressed@2x.png */,
				1FBA92271ACAE9480012AA79 /* home_footbar_icon_my_pressed@3x.png */,
				1FBA92281ACAE9480012AA79 /* home_footbar_icon_my@2x.png */,
				1FBA92291ACAE9480012AA79 /* home_footbar_icon_my@3x.png */,
				1FBA922A1ACAE9480012AA79 /* hotel_u@3x.png */,
				1FBA922B1ACAE9480012AA79 /* jiazhuang@3x.png */,
				1FBA922C1ACAE9480012AA79 /* ktv_u@3x.png */,
				1FBA922D1ACAE9480012AA79 /* locate_u@3x.png */,
				1FBA922E1ACAE9480012AA79 /* marry_u@3x.png */,
				1FBA922F1ACAE9480012AA79 /* marry@3x.png */,
				1FBA92301ACAE9480012AA79 /* more_o@3x.png */,
				1FBA92311ACAE9480012AA79 /* shoppingmall@3x.png */,
				1FBA92321ACAE9480012AA79 /* snack_u@3x.png */,
				1FBA92331ACAE9480012AA79 /* takeaway_u@3x.png */,
				1FBA92341ACAE9480012AA79 /* topic_u@2x.png */,
				1FBA92351ACAE9480012AA79 /* vip@3x.png */,
				A76267E51ACACEDA0011C98F /* personal_icon_send@2x.png */,
				A76267E61ACACEDA0011C98F /* navibar_icon_arrow_down@2x.png */,
			);
			path = images;
			sourceTree = "<group>";
		};
		BC7206BD1ACE346F0018FCFC /* dianpingapi */ = {
			isa = PBXGroup;
			children = (
				BC7206BE1ACE346F0018FCFC /* DPAPI.h */,
				BC7206BF1ACE346F0018FCFC /* DPAPI.m */,
				BC7206C01ACE346F0018FCFC /* DPConstants.h */,
				BC7206C11ACE346F0018FCFC /* DPRequest.h */,
				BC7206C21ACE346F0018FCFC /* DPRequest.m */,
			);
			path = dianpingapi;
			sourceTree = "<group>";
		};
		BC7206C31ACE346F0018FCFC /* SBJson */ = {
			isa = PBXGroup;
			children = (
				BC7206C41ACE346F0018FCFC /* NSObject+SBJson.h */,
				BC7206C51ACE346F0018FCFC /* NSObject+SBJson.m */,
				BC7206C61ACE346F0018FCFC /* SBJson.h */,
				BC7206C71ACE346F0018FCFC /* SBJsonParser.h */,
				BC7206C81ACE346F0018FCFC /* SBJsonParser.m */,
				BC7206C91ACE346F0018FCFC /* SBJsonStreamParser.h */,
				BC7206CA1ACE346F0018FCFC /* SBJsonStreamParser.m */,
				BC7206CB1ACE346F0018FCFC /* SBJsonStreamParserAccumulator.h */,
				BC7206CC1ACE346F0018FCFC /* SBJsonStreamParserAccumulator.m */,
				BC7206CD1ACE346F0018FCFC /* SBJsonStreamParserAdapter.h */,
				BC7206CE1ACE346F0018FCFC /* SBJsonStreamParserAdapter.m */,
				BC7206CF1ACE346F0018FCFC /* SBJsonStreamParserState.h */,
				BC7206D01ACE346F0018FCFC /* SBJsonStreamParserState.m */,
				BC7206D11ACE346F0018FCFC /* SBJsonStreamWriter.h */,
				BC7206D21ACE346F0018FCFC /* SBJsonStreamWriter.m */,
				BC7206D31ACE346F0018FCFC /* SBJsonStreamWriterAccumulator.h */,
				BC7206D41ACE346F0018FCFC /* SBJsonStreamWriterAccumulator.m */,
				BC7206D51ACE346F0018FCFC /* SBJsonStreamWriterState.h */,
				BC7206D61ACE346F0018FCFC /* SBJsonStreamWriterState.m */,
				BC7206D71ACE346F0018FCFC /* SBJsonTokeniser.h */,
				BC7206D81ACE346F0018FCFC /* SBJsonTokeniser.m */,
				BC7206D91ACE346F0018FCFC /* SBJsonUTF8Stream.h */,
				BC7206DA1ACE346F0018FCFC /* SBJsonUTF8Stream.m */,
				BC7206DB1ACE346F0018FCFC /* SBJsonWriter.h */,
				BC7206DC1ACE346F0018FCFC /* SBJsonWriter.m */,
			);
			path = SBJson;
			sourceTree = "<group>";
		};
		BC7C5FAD1AC7D8840034C597 /* Controllers */ = {
			isa = PBXGroup;
			children = (
				BC7C5FBE1AC7DADF0034C597 /* 发现 */,
				BC7C5FBF1AC7DADF0034C597 /* 团购 */,
				BC7C5FC01AC7DADF0034C597 /* 我的 */,
				BC7C5FC11AC7DADF0034C597 /* 首页 */,
				BC7C5FB51AC7DA0D0034C597 /* TabBarCon.h */,
				BC7C5FB61AC7DA0D0034C597 /* TabBarCon.m */,
				BC30CB891AC7DC3900FD138A /* RootVC.h */,
				BC30CB8A1AC7DC3900FD138A /* RootVC.m */,
				BC30CB8C1AC7DC4E00FD138A /* RefreshVC.h */,
				BC30CB8D1AC7DC4E00FD138A /* RefreshVC.m */,
				A76267E91ACACFC50011C98F /* ZKButton.h */,
				A76267EA1ACACFC50011C98F /* ZKButton.m */,
			);
			path = Controllers;
			sourceTree = "<group>";
		};
		BC7C5FBE1AC7DADF0034C597 /* 发现 */ = {
			isa = PBXGroup;
			children = (
				BC30CB951AC7DC9E00FD138A /* DiscoveryVC.h */,
				BC30CB961AC7DC9E00FD138A /* DiscoveryVC.m */,
			);
			path = "发现";
			sourceTree = "<group>";
		};
		BC7C5FBF1AC7DADF0034C597 /* 团购 */ = {
			isa = PBXGroup;
			children = (
				BC30CB921AC7DC8700FD138A /* GroupVC.h */,
				BC30CB931AC7DC8700FD138A /* GroupVC.m */,
			);
			path = "团购";
			sourceTree = "<group>";
		};
		BC7C5FC01AC7DADF0034C597 /* 我的 */ = {
			isa = PBXGroup;
			children = (
				BC30CB981AC7DCBD00FD138A /* MineVC.h */,
				BC30CB991AC7DCBD00FD138A /* MineVC.m */,
			);
			path = "我的";
			sourceTree = "<group>";
		};
		BC7C5FC11AC7DADF0034C597 /* 首页 */ = {
			isa = PBXGroup;
			children = (
				BC30CB8F1AC7DC7300FD138A /* MainVC.h */,
				BC30CB901AC7DC7300FD138A /* MainVC.m */,
			);
			path = "首页";
			sourceTree = "<group>";
		};
		BCA475E01AD3C60B00C40653 /* SDWebImage */ = {
			isa = PBXGroup;
			children = (
				BCA475E11AD3C60B00C40653 /* LICENSE */,
				BCA475E21AD3C60B00C40653 /* README.md */,
				BCA475E31AD3C60B00C40653 /* SDImageCache.h */,
				BCA475E41AD3C60B00C40653 /* SDImageCache.m */,
				BCA475E51AD3C60B00C40653 /* SDImageCacheDelegate.h */,
				BCA475E61AD3C60B00C40653 /* SDWebImageCompat.h */,
				BCA475E71AD3C60B00C40653 /* SDWebImageDecoder.h */,
				BCA475E81AD3C60B00C40653 /* SDWebImageDecoder.m */,
				BCA475E91AD3C60B00C40653 /* SDWebImageDownloader.h */,
				BCA475EA1AD3C60B00C40653 /* SDWebImageDownloader.m */,
				BCA475EB1AD3C60B00C40653 /* SDWebImageDownloaderDelegate.h */,
				BCA475EC1AD3C60B00C40653 /* SDWebImageManager.h */,
				BCA475ED1AD3C60B00C40653 /* SDWebImageManager.m */,
				BCA475EE1AD3C60B00C40653 /* SDWebImageManagerDelegate.h */,
				BCA475EF1AD3C60B00C40653 /* SDWebImagePrefetcher.h */,
				BCA475F01AD3C60B00C40653 /* SDWebImagePrefetcher.m */,
				BCA475F11AD3C60B00C40653 /* UIButton+WebCache.h */,
				BCA475F21AD3C60B00C40653 /* UIButton+WebCache.m */,
				BCA475F31AD3C60B00C40653 /* UIImageView+WebCache.h */,
				BCA475F41AD3C60B00C40653 /* UIImageView+WebCache.m */,
			);
			path = SDWebImage;
			sourceTree = "<group>";
		};
		BCA476001AD4D62300C40653 /* ToolClasses */ = {
			isa = PBXGroup;
			children = (
				BCA476011AD4D65600C40653 /* ZWDataCache.h */,
				BCA476021AD4D65600C40653 /* ZWDataCache.m */,
			);
			path = ToolClasses;
			sourceTree = "<group>";
		};
		BCA476041AD4D74700C40653 /* MD5 */ = {
			isa = PBXGroup;
			children = (
				BCA476051AD4D74700C40653 /* NSString+Hashing.h */,
				BCA476061AD4D74700C40653 /* NSString+Hashing.m */,
			);
			name = MD5;
			path = "../../../../Desktop/常用的第三方库/MD5";
			sourceTree = "<group>";
		};
		BCB516F11AC6A6EB004F206C = {
			isa = PBXGroup;
			children = (
				BCA476001AD4D62300C40653 /* ToolClasses */,
				BCA475E01AD3C60B00C40653 /* SDWebImage */,
				BCBD1AA81AD265C700C105E6 /* Models */,
				BCBD1AA91AD265C700C105E6 /* Views */,
				1FBA92791ACAED3C0012AA79 /* ThirdLib */,
				BC30CB9B1AC7E27D00FD138A /* images */,
				BC7C5FAD1AC7D8840034C597 /* Controllers */,
				BCB516FC1AC6A6EB004F206C /* 大众点评 */,
				BCB517161AC6A6EB004F206C /* 大众点评Tests */,
				BCB516FB1AC6A6EB004F206C /* Products */,
			);
			sourceTree = "<group>";
		};
		BCB516FB1AC6A6EB004F206C /* Products */ = {
			isa = PBXGroup;
			children = (
				BCB516FA1AC6A6EB004F206C /* 大众点评.app */,
				BCB517131AC6A6EB004F206C /* 大众点评Tests.xctest */,
			);
			name = Products;
			sourceTree = "<group>";
		};
		BCB516FC1AC6A6EB004F206C /* 大众点评 */ = {
			isa = PBXGroup;
			children = (
				BCB517011AC6A6EB004F206C /* AppDelegate.h */,
				BCB517021AC6A6EB004F206C /* AppDelegate.m */,
				BCB5170A1AC6A6EB004F206C /* Images.xcassets */,
				BCB516FD1AC6A6EB004F206C /* Supporting Files */,
			);
			path = "大众点评";
			sourceTree = "<group>";
		};
		BCB516FD1AC6A6EB004F206C /* Supporting Files */ = {
			isa = PBXGroup;
			children = (
				BCA475FE1AD3DC6800C40653 /* Header.h */,
				BCB516FE1AC6A6EB004F206C /* Info.plist */,
				BCB516FF1AC6A6EB004F206C /* main.m */,
				BCA475FF1AD3DD2500C40653 /* PrefixHeader.pch */,
			);
			name = "Supporting Files";
			sourceTree = "<group>";
		};
		BCB517161AC6A6EB004F206C /* 大众点评Tests */ = {
			isa = PBXGroup;
			children = (
				BCB517191AC6A6EB004F206C /* ____Tests.m */,
				BCB517171AC6A6EB004F206C /* Supporting Files */,
			);
			path = "大众点评Tests";
			sourceTree = "<group>";
		};
		BCB517171AC6A6EB004F206C /* Supporting Files */ = {
			isa = PBXGroup;
			children = (
				BCB517181AC6A6EB004F206C /* Info.plist */,
			);
			name = "Supporting Files";
			sourceTree = "<group>";
		};
		BCBD1AA81AD265C700C105E6 /* Models */ = {
			isa = PBXGroup;
			children = (
				BCBD1AAD1AD2665700C105E6 /* MainPageModel.h */,
				BCBD1AAE1AD2665700C105E6 /* MainPageModel.m */,
			);
			path = Models;
			sourceTree = "<group>";
		};
		BCBD1AA91AD265C700C105E6 /* Views */ = {
			isa = PBXGroup;
			children = (
				BCBD1AAA1AD2662000C105E6 /* MainPageCell.h */,
				BCBD1AAB1AD2662000C105E6 /* MainPageCell.m */,
			);
			path = Views;
			sourceTree = "<group>";
		};
/* End PBXGroup section */

/* Begin PBXNativeTarget section */
		BCB516F91AC6A6EB004F206C /* 大众点评 */ = {
			isa = PBXNativeTarget;
			buildConfigurationList = BCB5171D1AC6A6EB004F206C /* Build configuration list for PBXNativeTarget "大众点评" */;
			buildPhases = (
				BCB516F61AC6A6EB004F206C /* Sources */,
				BCB516F71AC6A6EB004F206C /* Frameworks */,
				BCB516F81AC6A6EB004F206C /* Resources */,
			);
			buildRules = (
			);
			dependencies = (
			);
			name = "大众点评";
			productName = "大众点评";
			productReference = BCB516FA1AC6A6EB004F206C /* 大众点评.app */;
			productType = "com.apple.product-type.application";
		};
		BCB517121AC6A6EB004F206C /* 大众点评Tests */ = {
			isa = PBXNativeTarget;
			buildConfigurationList = BCB517201AC6A6EB004F206C /* Build configuration list for PBXNativeTarget "大众点评Tests" */;
			buildPhases = (
				BCB5170F1AC6A6EB004F206C /* Sources */,
				BCB517101AC6A6EB004F206C /* Frameworks */,
				BCB517111AC6A6EB004F206C /* Resources */,
			);
			buildRules = (
			);
			dependencies = (
				BCB517151AC6A6EB004F206C /* PBXTargetDependency */,
			);
			name = "大众点评Tests";
			productName = "大众点评Tests";
			productReference = BCB517131AC6A6EB004F206C /* 大众点评Tests.xctest */;
			productType = "com.apple.product-type.bundle.unit-test";
		};
/* End PBXNativeTarget section */

/* Begin PBXProject section */
		BCB516F21AC6A6EB004F206C /* Project object */ = {
			isa = PBXProject;
			attributes = {
				LastUpgradeCheck = 0620;
				ORGANIZATIONNAME = "张维";
				TargetAttributes = {
					BCB516F91AC6A6EB004F206C = {
						CreatedOnToolsVersion = 6.2;
					};
					BCB517121AC6A6EB004F206C = {
						CreatedOnToolsVersion = 6.2;
						TestTargetID = BCB516F91AC6A6EB004F206C;
					};
				};
			};
			buildConfigurationList = BCB516F51AC6A6EB004F206C /* Build configuration list for PBXProject "大众点评" */;
			compatibilityVersion = "Xcode 3.2";
			developmentRegion = English;
			hasScannedForEncodings = 0;
			knownRegions = (
				en,
				Base,
			);
			mainGroup = BCB516F11AC6A6EB004F206C;
			productRefGroup = BCB516FB1AC6A6EB004F206C /* Products */;
			projectDirPath = "";
			projectRoot = "";
			targets = (
				BCB516F91AC6A6EB004F206C /* 大众点评 */,
				BCB517121AC6A6EB004F206C /* 大众点评Tests */,
			);
		};
/* End PBXProject section */

/* Begin PBXResourcesBuildPhase section */
		BCB516F81AC6A6EB004F206C /* Resources */ = {
			isa = PBXResourcesBuildPhase;
			buildActionMask = 2147483647;
			files = (
				BC0F2CBE1ACFE7EA00C7370B /* groupon_u@2x.png in Resources */,
				1FBA92511ACAE9480012AA79 /* hotel_u@3x.png in Resources */,
				BC0F2CB21ACFE67500C7370B /* ktv_u@2x.png in Resources */,
				1FBA92561ACAE9480012AA79 /* marry@3x.png in Resources */,
				1FBA92541ACAE9480012AA79 /* locate_u@3x.png in Resources */,
				1FBA923F1ACAE9480012AA79 /* footer@3x.png in Resources */,
				BC0F2CC21ACFE82700C7370B /* takeaway_u@2x.png in Resources */,
				1FBA92571ACAE9480012AA79 /* more_o@3x.png in Resources */,
				1FBA92451ACAE9480012AA79 /* home_footbar_icon_found_pressed@2x.png in Resources */,
				A76267E71ACACEDA0011C98F /* personal_icon_send@2x.png in Resources */,
				1FBA92421ACAE9480012AA79 /* home_footbar_icon_dianping_pressed@3x.png in Resources */,
				BCB5170B1AC6A6EB004F206C /* Images.xcassets in Resources */,
				BC0F2CC41ACFE83E00C7370B /* film_u@2x.png in Resources */,
				1FBA92471ACAE9480012AA79 /* home_footbar_icon_found@2x.png in Resources */,
				BC0F2C841ACEBCA800C7370B /* MJRefresh.bundle in Resources */,
				A76267E81ACACEDA0011C98F /* navibar_icon_arrow_down@2x.png in Resources */,
				1FBA923E1ACAE9480012AA79 /* food_u@3x.png in Resources */,
				1FBA923A1ACAE9480012AA79 /* booking_u@3x.png in Resources */,
				1FBA923C1ACAE9480012AA79 /* discount_u@3x.png in Resources */,
				1FBA924A1ACAE9480012AA79 /* home_footbar_icon_group_pressed@3x.png in Resources */,
				1FBA924C1ACAE9480012AA79 /* home_footbar_icon_group@3x.png in Resources */,
				BC0F2CC01ACFE80B00C7370B /* hotel_u@2x.png in Resources */,
				BCBD1AA31AD257FF00C105E6 /* wm_mytakeaway_status_success_bkg@2x.png in Resources */,
				1FBA924D1ACAE9480012AA79 /* home_footbar_icon_my_pressed@2x.png in Resources */,
				1FBA92581ACAE9480012AA79 /* shoppingmall@3x.png in Resources */,
				1FBA925A1ACAE9480012AA79 /* takeaway_u@3x.png in Resources */,
				1FBA924B1ACAE9480012AA79 /* home_footbar_icon_group@2x.png in Resources */,
				1FBA92521ACAE9480012AA79 /* jiazhuang@3x.png in Resources */,
				1FBA92551ACAE9480012AA79 /* marry_u@3x.png in Resources */,
				1FBA92531ACAE9480012AA79 /* ktv_u@3x.png in Resources */,
				BC0F2CC61ACFE8C000C7370B /* booking_u@2x.png in Resources */,
				1FBA925B1ACAE9480012AA79 /* topic_u@2x.png in Resources */,
				BC0F2CB41ACFE6CE00C7370B /* marry_u@2x.png in Resources */,
				BC0F2CBC1ACFE7CD00C7370B /* more_o@2x.png in Resources */,
				1FBA92361ACAE9480012AA79 /* baby@3x.png in Resources */,
				1FBA92401ACAE9480012AA79 /* groupon_u@3x.png in Resources */,
				BC0F2CBA1ACFE7A400C7370B /* relax@3x.png in Resources */,
				1FBA92591ACAE9480012AA79 /* snack_u@3x.png in Resources */,
				BC319AB71AD16D16005BBD3C /* drawbg@2x.png in Resources */,
				BC0F2CB61ACFE78800C7370B /* snack_u@2x.png in Resources */,
				1FBA924E1ACAE9480012AA79 /* home_footbar_icon_my_pressed@3x.png in Resources */,
				1FBA92371ACAE9480012AA79 /* bar_o@3x.png in Resources */,
				1FBA92381ACAE9480012AA79 /* beauty@3x.png in Resources */,
				BCBD1AA71AD25FE000C105E6 /* Detail_ShareByMail_D@2x.png in Resources */,
				1FBA92391ACAE9480012AA79 /* book_menu_u@3x.png in Resources */,
				1FBA925C1ACAE9480012AA79 /* vip@3x.png in Resources */,
				BC0F2CC81ACFE8D700C7370B /* discount_u@2x.png in Resources */,
				1FBA924F1ACAE9480012AA79 /* home_footbar_icon_my@2x.png in Resources */,
				1FBA92501ACAE9480012AA79 /* home_footbar_icon_my@3x.png in Resources */,
				1FBA92441ACAE9480012AA79 /* home_footbar_icon_dianping@3x.png in Resources */,
				1FBA92491ACAE9480012AA79 /* home_footbar_icon_group_pressed@2x.png in Resources */,
				BC0F2CB91ACFE7A400C7370B /* relax.png in Resources */,
				BC0F2CB01ACFE62000C7370B /* scenicspots_o@2x.png in Resources */,
				1FBA923B1ACAE9480012AA79 /* coffee@3x.png in Resources */,
				BCA475F51AD3C60B00C40653 /* LICENSE in Resources */,
				1FBA92431ACAE9480012AA79 /* home_footbar_icon_dianping@2x.png in Resources */,
				1FBA92481ACAE9480012AA79 /* home_footbar_icon_found@3x.png in Resources */,
				1FBA92461ACAE9480012AA79 /* home_footbar_icon_found_pressed@3x.png in Resources */,
				1FBA92411ACAE9480012AA79 /* home_footbar_icon_dianping_pressed@2x.png in Resources */,
				1FBA923D1ACAE9480012AA79 /* film_u@3x.png in Resources */,
			);
			runOnlyForDeploymentPostprocessing = 0;
		};
		BCB517111AC6A6EB004F206C /* Resources */ = {
			isa = PBXResourcesBuildPhase;
			buildActionMask = 2147483647;
			files = (
			);
			runOnlyForDeploymentPostprocessing = 0;
		};
/* End PBXResourcesBuildPhase section */

/* Begin PBXSourcesBuildPhase section */
		BCB516F61AC6A6EB004F206C /* Sources */ = {
			isa = PBXSourcesBuildPhase;
			buildActionMask = 2147483647;
			files = (
				BC7206DF1ACE346F0018FCFC /* NSObject+SBJson.m in Sources */,
				BC7206E21ACE346F0018FCFC /* SBJsonStreamParserAccumulator.m in Sources */,
				BC7206E11ACE346F0018FCFC /* SBJsonStreamParser.m in Sources */,
				BC7206DE1ACE346F0018FCFC /* DPRequest.m in Sources */,
				BCA475F61AD3C60B00C40653 /* README.md in Sources */,
				BC7206E51ACE346F0018FCFC /* SBJsonStreamWriter.m in Sources */,
				BC0F2C861ACEBCA800C7370B /* MJRefreshConst.m in Sources */,
				BC30CB8E1AC7DC4E00FD138A /* RefreshVC.m in Sources */,
				BC0F2C851ACEBCA800C7370B /* MJRefreshBaseView.m in Sources */,
				BCA475FB1AD3C60B00C40653 /* SDWebImagePrefetcher.m in Sources */,
				BCA475FD1AD3C60B00C40653 /* UIImageView+WebCache.m in Sources */,
				BC7206E91ACE346F0018FCFC /* SBJsonUTF8Stream.m in Sources */,
				BCBD1AAC1AD2662000C105E6 /* MainPageCell.m in Sources */,
				BC7206E31ACE346F0018FCFC /* SBJsonStreamParserAdapter.m in Sources */,
				BCA475F91AD3C60B00C40653 /* SDWebImageDownloader.m in Sources */,
				BC0F2C881ACEBCA800C7370B /* MJRefreshHeaderView.m in Sources */,
				BCA475FC1AD3C60B00C40653 /* UIButton+WebCache.m in Sources */,
				BC7206EA1ACE346F0018FCFC /* SBJsonWriter.m in Sources */,
				BC30CB971AC7DC9E00FD138A /* DiscoveryVC.m in Sources */,
				BC7206E71ACE346F0018FCFC /* SBJsonStreamWriterState.m in Sources */,
				BCA475F81AD3C60B00C40653 /* SDWebImageDecoder.m in Sources */,
				BC30CB9A1AC7DCBD00FD138A /* MineVC.m in Sources */,
				BC30CB941AC7DC8700FD138A /* GroupVC.m in Sources */,
				BC7206E81ACE346F0018FCFC /* SBJsonTokeniser.m in Sources */,
				BC7206DD1ACE346F0018FCFC /* DPAPI.m in Sources */,
				BCA475FA1AD3C60B00C40653 /* SDWebImageManager.m in Sources */,
				A76267EB1ACACFC50011C98F /* ZKButton.m in Sources */,
				BC7206E61ACE346F0018FCFC /* SBJsonStreamWriterAccumulator.m in Sources */,
				BC0F2C871ACEBCA800C7370B /* MJRefreshFooterView.m in Sources */,
				BCA475F71AD3C60B00C40653 /* SDImageCache.m in Sources */,
				BCA476031AD4D65600C40653 /* ZWDataCache.m in Sources */,
				BC7206E41ACE346F0018FCFC /* SBJsonStreamParserState.m in Sources */,
				BC30CB911AC7DC7300FD138A /* MainVC.m in Sources */,
				BC7206E01ACE346F0018FCFC /* SBJsonParser.m in Sources */,
				BCA476071AD4D74700C40653 /* NSString+Hashing.m in Sources */,
				BCBD1AAF1AD2665700C105E6 /* MainPageModel.m in Sources */,
				BCB517031AC6A6EB004F206C /* AppDelegate.m in Sources */,
				BC7C5FB71AC7DA0D0034C597 /* TabBarCon.m in Sources */,
				BC30CB8B1AC7DC3900FD138A /* RootVC.m in Sources */,
				BCB517001AC6A6EB004F206C /* main.m in Sources */,
			);
			runOnlyForDeploymentPostprocessing = 0;
		};
		BCB5170F1AC6A6EB004F206C /* Sources */ = {
			isa = PBXSourcesBuildPhase;
			buildActionMask = 2147483647;
			files = (
				BCB5171A1AC6A6EB004F206C /* ____Tests.m in Sources */,
			);
			runOnlyForDeploymentPostprocessing = 0;
		};
/* End PBXSourcesBuildPhase section */

/* Begin PBXTargetDependency section */
		BCB517151AC6A6EB004F206C /* PBXTargetDependency */ = {
			isa = PBXTargetDependency;
			target = BCB516F91AC6A6EB004F206C /* 大众点评 */;
			targetProxy = BCB517141AC6A6EB004F206C /* PBXContainerItemProxy */;
		};
/* End PBXTargetDependency section */

/* Begin XCBuildConfiguration section */
		BCB5171B1AC6A6EB004F206C /* Debug */ = {
			isa = XCBuildConfiguration;
			buildSettings = {
				ALWAYS_SEARCH_USER_PATHS = NO;
				CLANG_CXX_LANGUAGE_STANDARD = "gnu++0x";
				CLANG_CXX_LIBRARY = "libc++";
				CLANG_ENABLE_MODULES = YES;
				CLANG_ENABLE_OBJC_ARC = YES;
				CLANG_WARN_BOOL_CONVERSION = YES;
				CLANG_WARN_CONSTANT_CONVERSION = YES;
				CLANG_WARN_DIRECT_OBJC_ISA_USAGE = YES_ERROR;
				CLANG_WARN_EMPTY_BODY = YES;
				CLANG_WARN_ENUM_CONVERSION = YES;
				CLANG_WARN_INT_CONVERSION = YES;
				CLANG_WARN_OBJC_ROOT_CLASS = YES_ERROR;
				CLANG_WARN_UNREACHABLE_CODE = YES;
				CLANG_WARN__DUPLICATE_METHOD_MATCH = YES;
				"CODE_SIGN_IDENTITY[sdk=iphoneos*]" = "iPhone Developer";
				COPY_PHASE_STRIP = NO;
				ENABLE_STRICT_OBJC_MSGSEND = YES;
				GCC_C_LANGUAGE_STANDARD = gnu99;
				GCC_DYNAMIC_NO_PIC = NO;
				GCC_OPTIMIZATION_LEVEL = 0;
				GCC_PREPROCESSOR_DEFINITIONS = (
					"DEBUG=1",
					"$(inherited)",
				);
				GCC_SYMBOLS_PRIVATE_EXTERN = NO;
				GCC_WARN_64_TO_32_BIT_CONVERSION = YES;
				GCC_WARN_ABOUT_RETURN_TYPE = YES_ERROR;
				GCC_WARN_UNDECLARED_SELECTOR = YES;
				GCC_WARN_UNINITIALIZED_AUTOS = YES_AGGRESSIVE;
				GCC_WARN_UNUSED_FUNCTION = YES;
				GCC_WARN_UNUSED_VARIABLE = YES;
				IPHONEOS_DEPLOYMENT_TARGET = 8.2;
				MTL_ENABLE_DEBUG_INFO = YES;
				ONLY_ACTIVE_ARCH = YES;
				SDKROOT = iphoneos;
			};
			name = Debug;
		};
		BCB5171C1AC6A6EB004F206C /* Release */ = {
			isa = XCBuildConfiguration;
			buildSettings = {
				ALWAYS_SEARCH_USER_PATHS = NO;
				CLANG_CXX_LANGUAGE_STANDARD = "gnu++0x";
				CLANG_CXX_LIBRARY = "libc++";
				CLANG_ENABLE_MODULES = YES;
				CLANG_ENABLE_OBJC_ARC = YES;
				CLANG_WARN_BOOL_CONVERSION = YES;
				CLANG_WARN_CONSTANT_CONVERSION = YES;
				CLANG_WARN_DIRECT_OBJC_ISA_USAGE = YES_ERROR;
				CLANG_WARN_EMPTY_BODY = YES;
				CLANG_WARN_ENUM_CONVERSION = YES;
				CLANG_WARN_INT_CONVERSION = YES;
				CLANG_WARN_OBJC_ROOT_CLASS = YES_ERROR;
				CLANG_WARN_UNREACHABLE_CODE = YES;
				CLANG_WARN__DUPLICATE_METHOD_MATCH = YES;
				"CODE_SIGN_IDENTITY[sdk=iphoneos*]" = "iPhone Developer";
				COPY_PHASE_STRIP = NO;
				ENABLE_NS_ASSERTIONS = NO;
				ENABLE_STRICT_OBJC_MSGSEND = YES;
				GCC_C_LANGUAGE_STANDARD = gnu99;
				GCC_WARN_64_TO_32_BIT_CONVERSION = YES;
				GCC_WARN_ABOUT_RETURN_TYPE = YES_ERROR;
				GCC_WARN_UNDECLARED_SELECTOR = YES;
				GCC_WARN_UNINITIALIZED_AUTOS = YES_AGGRESSIVE;
				GCC_WARN_UNUSED_FUNCTION = YES;
				GCC_WARN_UNUSED_VARIABLE = YES;
				IPHONEOS_DEPLOYMENT_TARGET = 8.2;
				MTL_ENABLE_DEBUG_INFO = NO;
				SDKROOT = iphoneos;
				VALIDATE_PRODUCT = YES;
			};
			name = Release;
		};
		BCB5171E1AC6A6EB004F206C /* Debug */ = {
			isa = XCBuildConfiguration;
			buildSettings = {
				ASSETCATALOG_COMPILER_APPICON_NAME = AppIcon;
				CLANG_ENABLE_OBJC_ARC = NO;
				GCC_PREFIX_HEADER = "$(SRCROOT)/大众点评/PrefixHeader.pch";
				INFOPLIST_FILE = "大众点评/Info.plist";
				IPHONEOS_DEPLOYMENT_TARGET = 8.2;
				LD_RUNPATH_SEARCH_PATHS = "$(inherited) @executable_path/Frameworks";
				PRODUCT_NAME = "$(TARGET_NAME)";
			};
			name = Debug;
		};
		BCB5171F1AC6A6EB004F206C /* Release */ = {
			isa = XCBuildConfiguration;
			buildSettings = {
				ASSETCATALOG_COMPILER_APPICON_NAME = AppIcon;
				CLANG_ENABLE_OBJC_ARC = NO;
				GCC_PREFIX_HEADER = "$(SRCROOT)/大众点评/PrefixHeader.pch";
				INFOPLIST_FILE = "大众点评/Info.plist";
				IPHONEOS_DEPLOYMENT_TARGET = 8.2;
				LD_RUNPATH_SEARCH_PATHS = "$(inherited) @executable_path/Frameworks";
				PRODUCT_NAME = "$(TARGET_NAME)";
			};
			name = Release;
		};
		BCB517211AC6A6EB004F206C /* Debug */ = {
			isa = XCBuildConfiguration;
			buildSettings = {
				BUNDLE_LOADER = "$(TEST_HOST)";
				FRAMEWORK_SEARCH_PATHS = (
					"$(SDKROOT)/Developer/Library/Frameworks",
					"$(inherited)",
				);
				GCC_PREPROCESSOR_DEFINITIONS = (
					"DEBUG=1",
					"$(inherited)",
				);
				INFOPLIST_FILE = "大众点评Tests/Info.plist";
				LD_RUNPATH_SEARCH_PATHS = "$(inherited) @executable_path/Frameworks @loader_path/Frameworks";
				PRODUCT_NAME = "$(TARGET_NAME)";
				TEST_HOST = "$(BUILT_PRODUCTS_DIR)/大众点评.app/大众点评";
			};
			name = Debug;
		};
		BCB517221AC6A6EB004F206C /* Release */ = {
			isa = XCBuildConfiguration;
			buildSettings = {
				BUNDLE_LOADER = "$(TEST_HOST)";
				FRAMEWORK_SEARCH_PATHS = (
					"$(SDKROOT)/Developer/Library/Frameworks",
					"$(inherited)",
				);
				INFOPLIST_FILE = "大众点评Tests/Info.plist";
				LD_RUNPATH_SEARCH_PATHS = "$(inherited) @executable_path/Frameworks @loader_path/Frameworks";
				PRODUCT_NAME = "$(TARGET_NAME)";
				TEST_HOST = "$(BUILT_PRODUCTS_DIR)/大众点评.app/大众点评";
			};
			name = Release;
		};
/* End XCBuildConfiguration section */

/* Begin XCConfigurationList section */
		BCB516F51AC6A6EB004F206C /* Build configuration list for PBXProject "大众点评" */ = {
			isa = XCConfigurationList;
			buildConfigurations = (
				BCB5171B1AC6A6EB004F206C /* Debug */,
				BCB5171C1AC6A6EB004F206C /* Release */,
			);
			defaultConfigurationIsVisible = 0;
			defaultConfigurationName = Release;
		};
		BCB5171D1AC6A6EB004F206C /* Build configuration list for PBXNativeTarget "大众点评" */ = {
			isa = XCConfigurationList;
			buildConfigurations = (
				BCB5171E1AC6A6EB004F206C /* Debug */,
				BCB5171F1AC6A6EB004F206C /* Release */,
			);
			defaultConfigurationIsVisible = 0;
			defaultConfigurationName = Release;
		};
		BCB517201AC6A6EB004F206C /* Build configuration list for PBXNativeTarget "大众点评Tests" */ = {
			isa = XCConfigurationList;
			buildConfigurations = (
				BCB517211AC6A6EB004F206C /* Debug */,
				BCB517221AC6A6EB004F206C /* Release */,
			);
			defaultConfigurationIsVisible = 0;
			defaultConfigurationName = Release;
		};
/* End XCConfigurationList section */
	};
	rootObject = BCB516F21AC6A6EB004F206C /* Project object */;
}
