// !$*UTF8*$!
{
	archiveVersion = 1;
	classes = {
	};
	objectVersion = 46;
	objects = {

/* Begin PBXBuildFile section */
		BC30CB8B1AC7DC3900FD138A /* RootVC.m in Sources */ = {isa = PBXBuildFile; fileRef = BC30CB8A1AC7DC3900FD138A /* RootVC.m */; };
		BC30CB8E1AC7DC4E00FD138A /* RefreshVC.m in Sources */ = {isa = PBXBuildFile; fileRef = BC30CB8D1AC7DC4E00FD138A /* RefreshVC.m */; };
		BC30CB911AC7DC7300FD138A /* MainVC.m in Sources */ = {isa = PBXBuildFile; fileRef = BC30CB901AC7DC7300FD138A /* MainVC.m */; };
		BC30CB941AC7DC8700FD138A /* GroupVC.m in Sources */ = {isa = PBXBuildFile; fileRef = BC30CB931AC7DC8700FD138A /* GroupVC.m */; };
		BC30CB971AC7DC9E00FD138A /* DiscoveryVC.m in Sources */ = {isa = PBXBuildFile; fileRef = BC30CB961AC7DC9E00FD138A /* DiscoveryVC.m */; };
		BC30CB9A1AC7DCBD00FD138A /* MineVC.m in Sources */ = {isa = PBXBuildFile; fileRef = BC30CB991AC7DCBD00FD138A /* MineVC.m */; };
		BC30CBAE1AC7E3F900FD138A /* home_footbar_icon_dianping_pressed@2x.png in Resources */ = {isa = PBXBuildFile; fileRef = BC30CB9E1AC7E3F900FD138A /* home_footbar_icon_dianping_pressed@2x.png */; };
		BC30CBAF1AC7E3F900FD138A /* home_footbar_icon_dianping_pressed@3x.png in Resources */ = {isa = PBXBuildFile; fileRef = BC30CB9F1AC7E3F900FD138A /* home_footbar_icon_dianping_pressed@3x.png */; };
		BC30CBB01AC7E3F900FD138A /* home_footbar_icon_dianping@2x.png in Resources */ = {isa = PBXBuildFile; fileRef = BC30CBA01AC7E3F900FD138A /* home_footbar_icon_dianping@2x.png */; };
		BC30CBB11AC7E3F900FD138A /* home_footbar_icon_dianping@3x.png in Resources */ = {isa = PBXBuildFile; fileRef = BC30CBA11AC7E3F900FD138A /* home_footbar_icon_dianping@3x.png */; };
		BC30CBB21AC7E3F900FD138A /* home_footbar_icon_found_pressed@2x.png in Resources */ = {isa = PBXBuildFile; fileRef = BC30CBA21AC7E3F900FD138A /* home_footbar_icon_found_pressed@2x.png */; };
		BC30CBB31AC7E3F900FD138A /* home_footbar_icon_found_pressed@3x.png in Resources */ = {isa = PBXBuildFile; fileRef = BC30CBA31AC7E3F900FD138A /* home_footbar_icon_found_pressed@3x.png */; };
		BC30CBB41AC7E3F900FD138A /* home_footbar_icon_found@2x.png in Resources */ = {isa = PBXBuildFile; fileRef = BC30CBA41AC7E3F900FD138A /* home_footbar_icon_found@2x.png */; };
		BC30CBB51AC7E3F900FD138A /* home_footbar_icon_found@3x.png in Resources */ = {isa = PBXBuildFile; fileRef = BC30CBA51AC7E3F900FD138A /* home_footbar_icon_found@3x.png */; };
		BC30CBB61AC7E3F900FD138A /* home_footbar_icon_group_pressed@2x.png in Resources */ = {isa = PBXBuildFile; fileRef = BC30CBA61AC7E3F900FD138A /* home_footbar_icon_group_pressed@2x.png */; };
		BC30CBB71AC7E3F900FD138A /* home_footbar_icon_group_pressed@3x.png in Resources */ = {isa = PBXBuildFile; fileRef = BC30CBA71AC7E3F900FD138A /* home_footbar_icon_group_pressed@3x.png */; };
		BC30CBB81AC7E3F900FD138A /* home_footbar_icon_group@2x.png in Resources */ = {isa = PBXBuildFile; fileRef = BC30CBA81AC7E3F900FD138A /* home_footbar_icon_group@2x.png */; };
		BC30CBB91AC7E3F900FD138A /* home_footbar_icon_group@3x.png in Resources */ = {isa = PBXBuildFile; fileRef = BC30CBA91AC7E3F900FD138A /* home_footbar_icon_group@3x.png */; };
		BC30CBBA1AC7E3F900FD138A /* home_footbar_icon_my_pressed@2x.png in Resources */ = {isa = PBXBuildFile; fileRef = BC30CBAA1AC7E3F900FD138A /* home_footbar_icon_my_pressed@2x.png */; };
		BC30CBBB1AC7E3F900FD138A /* home_footbar_icon_my_pressed@3x.png in Resources */ = {isa = PBXBuildFile; fileRef = BC30CBAB1AC7E3F900FD138A /* home_footbar_icon_my_pressed@3x.png */; };
		BC30CBBC1AC7E3F900FD138A /* home_footbar_icon_my@2x.png in Resources */ = {isa = PBXBuildFile; fileRef = BC30CBAC1AC7E3F900FD138A /* home_footbar_icon_my@2x.png */; };
		BC30CBBD1AC7E3F900FD138A /* home_footbar_icon_my@3x.png in Resources */ = {isa = PBXBuildFile; fileRef = BC30CBAD1AC7E3F900FD138A /* home_footbar_icon_my@3x.png */; };
		BC7C5FB71AC7DA0D0034C597 /* TabBarCon.m in Sources */ = {isa = PBXBuildFile; fileRef = BC7C5FB61AC7DA0D0034C597 /* TabBarCon.m */; };
		BC7C5FBA1AC7DA350034C597 /* NavC.m in Sources */ = {isa = PBXBuildFile; fileRef = BC7C5FB91AC7DA350034C597 /* NavC.m */; };
		BCB517001AC6A6EB004F206C /* main.m in Sources */ = {isa = PBXBuildFile; fileRef = BCB516FF1AC6A6EB004F206C /* main.m */; };
		BCB517031AC6A6EB004F206C /* AppDelegate.m in Sources */ = {isa = PBXBuildFile; fileRef = BCB517021AC6A6EB004F206C /* AppDelegate.m */; };
		BCB5170B1AC6A6EB004F206C /* Images.xcassets in Resources */ = {isa = PBXBuildFile; fileRef = BCB5170A1AC6A6EB004F206C /* Images.xcassets */; };
		BCB5170E1AC6A6EB004F206C /* LaunchScreen.xib in Resources */ = {isa = PBXBuildFile; fileRef = BCB5170C1AC6A6EB004F206C /* LaunchScreen.xib */; };
		BCB5171A1AC6A6EB004F206C /* ____Tests.m in Sources */ = {isa = PBXBuildFile; fileRef = BCB517191AC6A6EB004F206C /* ____Tests.m */; };
/* End PBXBuildFile section */

/* Begin PBXContainerItemProxy section */
		BCB517141AC6A6EB004F206C /* PBXContainerItemProxy */ = {
			isa = PBXContainerItemProxy;
			containerPortal = BCB516F21AC6A6EB004F206C /* Project object */;
			proxyType = 1;
			remoteGlobalIDString = BCB516F91AC6A6EB004F206C;
			remoteInfo = "大众点评";
		};
/* End PBXContainerItemProxy section */

/* Begin PBXFileReference section */
		BC30CB891AC7DC3900FD138A /* RootVC.h */ = {isa = PBXFileReference; fileEncoding = 4; lastKnownFileType = sourcecode.c.h; path = RootVC.h; sourceTree = "<group>"; };
		BC30CB8A1AC7DC3900FD138A /* RootVC.m */ = {isa = PBXFileReference; fileEncoding = 4; lastKnownFileType = sourcecode.c.objc; path = RootVC.m; sourceTree = "<group>"; };
		BC30CB8C1AC7DC4E00FD138A /* RefreshVC.h */ = {isa = PBXFileReference; fileEncoding = 4; lastKnownFileType = sourcecode.c.h; path = RefreshVC.h; sourceTree = "<group>"; };
		BC30CB8D1AC7DC4E00FD138A /* RefreshVC.m */ = {isa = PBXFileReference; fileEncoding = 4; lastKnownFileType = sourcecode.c.objc; path = RefreshVC.m; sourceTree = "<group>"; };
		BC30CB8F1AC7DC7300FD138A /* MainVC.h */ = {isa = PBXFileReference; fileEncoding = 4; lastKnownFileType = sourcecode.c.h; path = MainVC.h; sourceTree = "<group>"; };
		BC30CB901AC7DC7300FD138A /* MainVC.m */ = {isa = PBXFileReference; fileEncoding = 4; lastKnownFileType = sourcecode.c.objc; path = MainVC.m; sourceTree = "<group>"; };
		BC30CB921AC7DC8700FD138A /* GroupVC.h */ = {isa = PBXFileReference; fileEncoding = 4; lastKnownFileType = sourcecode.c.h; path = GroupVC.h; sourceTree = "<group>"; };
		BC30CB931AC7DC8700FD138A /* GroupVC.m */ = {isa = PBXFileReference; fileEncoding = 4; lastKnownFileType = sourcecode.c.objc; path = GroupVC.m; sourceTree = "<group>"; };
		BC30CB951AC7DC9E00FD138A /* DiscoveryVC.h */ = {isa = PBXFileReference; fileEncoding = 4; lastKnownFileType = sourcecode.c.h; path = DiscoveryVC.h; sourceTree = "<group>"; };
		BC30CB961AC7DC9E00FD138A /* DiscoveryVC.m */ = {isa = PBXFileReference; fileEncoding = 4; lastKnownFileType = sourcecode.c.objc; path = DiscoveryVC.m; sourceTree = "<group>"; };
		BC30CB981AC7DCBD00FD138A /* MineVC.h */ = {isa = PBXFileReference; fileEncoding = 4; lastKnownFileType = sourcecode.c.h; path = MineVC.h; sourceTree = "<group>"; };
		BC30CB991AC7DCBD00FD138A /* MineVC.m */ = {isa = PBXFileReference; fileEncoding = 4; lastKnownFileType = sourcecode.c.objc; path = MineVC.m; sourceTree = "<group>"; };
		BC30CB9E1AC7E3F900FD138A /* home_footbar_icon_dianping_pressed@2x.png */ = {isa = PBXFileReference; lastKnownFileType = image.png; path = "home_footbar_icon_dianping_pressed@2x.png"; sourceTree = "<group>"; };
		BC30CB9F1AC7E3F900FD138A /* home_footbar_icon_dianping_pressed@3x.png */ = {isa = PBXFileReference; lastKnownFileType = image.png; path = "home_footbar_icon_dianping_pressed@3x.png"; sourceTree = "<group>"; };
		BC30CBA01AC7E3F900FD138A /* home_footbar_icon_dianping@2x.png */ = {isa = PBXFileReference; lastKnownFileType = image.png; path = "home_footbar_icon_dianping@2x.png"; sourceTree = "<group>"; };
		BC30CBA11AC7E3F900FD138A /* home_footbar_icon_dianping@3x.png */ = {isa = PBXFileReference; lastKnownFileType = image.png; path = "home_footbar_icon_dianping@3x.png"; sourceTree = "<group>"; };
		BC30CBA21AC7E3F900FD138A /* home_footbar_icon_found_pressed@2x.png */ = {isa = PBXFileReference; lastKnownFileType = image.png; path = "home_footbar_icon_found_pressed@2x.png"; sourceTree = "<group>"; };
		BC30CBA31AC7E3F900FD138A /* home_footbar_icon_found_pressed@3x.png */ = {isa = PBXFileReference; lastKnownFileType = image.png; path = "home_footbar_icon_found_pressed@3x.png"; sourceTree = "<group>"; };
		BC30CBA41AC7E3F900FD138A /* home_footbar_icon_found@2x.png */ = {isa = PBXFileReference; lastKnownFileType = image.png; path = "home_footbar_icon_found@2x.png"; sourceTree = "<group>"; };
		BC30CBA51AC7E3F900FD138A /* home_footbar_icon_found@3x.png */ = {isa = PBXFileReference; lastKnownFileType = image.png; path = "home_footbar_icon_found@3x.png"; sourceTree = "<group>"; };
		BC30CBA61AC7E3F900FD138A /* home_footbar_icon_group_pressed@2x.png */ = {isa = PBXFileReference; lastKnownFileType = image.png; path = "home_footbar_icon_group_pressed@2x.png"; sourceTree = "<group>"; };
		BC30CBA71AC7E3F900FD138A /* home_footbar_icon_group_pressed@3x.png */ = {isa = PBXFileReference; lastKnownFileType = image.png; path = "home_footbar_icon_group_pressed@3x.png"; sourceTree = "<group>"; };
		BC30CBA81AC7E3F900FD138A /* home_footbar_icon_group@2x.png */ = {isa = PBXFileReference; lastKnownFileType = image.png; path = "home_footbar_icon_group@2x.png"; sourceTree = "<group>"; };
		BC30CBA91AC7E3F900FD138A /* home_footbar_icon_group@3x.png */ = {isa = PBXFileReference; lastKnownFileType = image.png; path = "home_footbar_icon_group@3x.png"; sourceTree = "<group>"; };
		BC30CBAA1AC7E3F900FD138A /* home_footbar_icon_my_pressed@2x.png */ = {isa = PBXFileReference; lastKnownFileType = image.png; path = "home_footbar_icon_my_pressed@2x.png"; sourceTree = "<group>"; };
		BC30CBAB1AC7E3F900FD138A /* home_footbar_icon_my_pressed@3x.png */ = {isa = PBXFileReference; lastKnownFileType = image.png; path = "home_footbar_icon_my_pressed@3x.png"; sourceTree = "<group>"; };
		BC30CBAC1AC7E3F900FD138A /* home_footbar_icon_my@2x.png */ = {isa = PBXFileReference; lastKnownFileType = image.png; path = "home_footbar_icon_my@2x.png"; sourceTree = "<group>"; };
		BC30CBAD1AC7E3F900FD138A /* home_footbar_icon_my@3x.png */ = {isa = PBXFileReference; lastKnownFileType = image.png; path = "home_footbar_icon_my@3x.png"; sourceTree = "<group>"; };
		BC7C5FB51AC7DA0D0034C597 /* TabBarCon.h */ = {isa = PBXFileReference; fileEncoding = 4; lastKnownFileType = sourcecode.c.h; path = TabBarCon.h; sourceTree = "<group>"; };
		BC7C5FB61AC7DA0D0034C597 /* TabBarCon.m */ = {isa = PBXFileReference; fileEncoding = 4; lastKnownFileType = sourcecode.c.objc; path = TabBarCon.m; sourceTree = "<group>"; };
		BC7C5FB81AC7DA350034C597 /* NavC.h */ = {isa = PBXFileReference; fileEncoding = 4; lastKnownFileType = sourcecode.c.h; path = NavC.h; sourceTree = "<group>"; };
		BC7C5FB91AC7DA350034C597 /* NavC.m */ = {isa = PBXFileReference; fileEncoding = 4; lastKnownFileType = sourcecode.c.objc; path = NavC.m; sourceTree = "<group>"; };
		BCB516FA1AC6A6EB004F206C /* 大众点评.app */ = {isa = PBXFileReference; explicitFileType = wrapper.application; includeInIndex = 0; path = "大众点评.app"; sourceTree = BUILT_PRODUCTS_DIR; };
		BCB516FE1AC6A6EB004F206C /* Info.plist */ = {isa = PBXFileReference; lastKnownFileType = text.plist.xml; path = Info.plist; sourceTree = "<group>"; };
		BCB516FF1AC6A6EB004F206C /* main.m */ = {isa = PBXFileReference; lastKnownFileType = sourcecode.c.objc; path = main.m; sourceTree = "<group>"; };
		BCB517011AC6A6EB004F206C /* AppDelegate.h */ = {isa = PBXFileReference; lastKnownFileType = sourcecode.c.h; path = AppDelegate.h; sourceTree = "<group>"; };
		BCB517021AC6A6EB004F206C /* AppDelegate.m */ = {isa = PBXFileReference; lastKnownFileType = sourcecode.c.objc; path = AppDelegate.m; sourceTree = "<group>"; };
		BCB5170A1AC6A6EB004F206C /* Images.xcassets */ = {isa = PBXFileReference; lastKnownFileType = folder.assetcatalog; path = Images.xcassets; sourceTree = "<group>"; };
		BCB5170D1AC6A6EB004F206C /* Base */ = {isa = PBXFileReference; lastKnownFileType = file.xib; name = Base; path = Base.lproj/LaunchScreen.xib; sourceTree = "<group>"; };
		BCB517131AC6A6EB004F206C /* 大众点评Tests.xctest */ = {isa = PBXFileReference; explicitFileType = wrapper.cfbundle; includeInIndex = 0; path = "大众点评Tests.xctest"; sourceTree = BUILT_PRODUCTS_DIR; };
		BCB517181AC6A6EB004F206C /* Info.plist */ = {isa = PBXFileReference; lastKnownFileType = text.plist.xml; path = Info.plist; sourceTree = "<group>"; };
		BCB517191AC6A6EB004F206C /* ____Tests.m */ = {isa = PBXFileReference; lastKnownFileType = sourcecode.c.objc; path = "____Tests.m"; sourceTree = "<group>"; };
/* End PBXFileReference section */

/* Begin PBXFrameworksBuildPhase section */
		BCB516F71AC6A6EB004F206C /* Frameworks */ = {
			isa = PBXFrameworksBuildPhase;
			buildActionMask = 2147483647;
			files = (
			);
			runOnlyForDeploymentPostprocessing = 0;
		};
		BCB517101AC6A6EB004F206C /* Frameworks */ = {
			isa = PBXFrameworksBuildPhase;
			buildActionMask = 2147483647;
			files = (
			);
			runOnlyForDeploymentPostprocessing = 0;
		};
/* End PBXFrameworksBuildPhase section */

/* Begin PBXGroup section */
		BC30CB9B1AC7E27D00FD138A /* images */ = {
			isa = PBXGroup;
			children = (
				BC30CB9E1AC7E3F900FD138A /* home_footbar_icon_dianping_pressed@2x.png */,
				BC30CB9F1AC7E3F900FD138A /* home_footbar_icon_dianping_pressed@3x.png */,
				BC30CBA01AC7E3F900FD138A /* home_footbar_icon_dianping@2x.png */,
				BC30CBA11AC7E3F900FD138A /* home_footbar_icon_dianping@3x.png */,
				BC30CBA21AC7E3F900FD138A /* home_footbar_icon_found_pressed@2x.png */,
				BC30CBA31AC7E3F900FD138A /* home_footbar_icon_found_pressed@3x.png */,
				BC30CBA41AC7E3F900FD138A /* home_footbar_icon_found@2x.png */,
				BC30CBA51AC7E3F900FD138A /* home_footbar_icon_found@3x.png */,
				BC30CBA61AC7E3F900FD138A /* home_footbar_icon_group_pressed@2x.png */,
				BC30CBA71AC7E3F900FD138A /* home_footbar_icon_group_pressed@3x.png */,
				BC30CBA81AC7E3F900FD138A /* home_footbar_icon_group@2x.png */,
				BC30CBA91AC7E3F900FD138A /* home_footbar_icon_group@3x.png */,
				BC30CBAA1AC7E3F900FD138A /* home_footbar_icon_my_pressed@2x.png */,
				BC30CBAB1AC7E3F900FD138A /* home_footbar_icon_my_pressed@3x.png */,
				BC30CBAC1AC7E3F900FD138A /* home_footbar_icon_my@2x.png */,
				BC30CBAD1AC7E3F900FD138A /* home_footbar_icon_my@3x.png */,
			);
			path = images;
			sourceTree = "<group>";
		};
		BC7C5FAD1AC7D8840034C597 /* Controllers */ = {
			isa = PBXGroup;
			children = (
				BC7C5FBE1AC7DADF0034C597 /* 发现 */,
				BC7C5FBF1AC7DADF0034C597 /* 团购 */,
				BC7C5FC01AC7DADF0034C597 /* 我的 */,
				BC7C5FC11AC7DADF0034C597 /* 首页 */,
				BC7C5FB51AC7DA0D0034C597 /* TabBarCon.h */,
				BC7C5FB61AC7DA0D0034C597 /* TabBarCon.m */,
				BC7C5FB81AC7DA350034C597 /* NavC.h */,
				BC7C5FB91AC7DA350034C597 /* NavC.m */,
				BC30CB891AC7DC3900FD138A /* RootVC.h */,
				BC30CB8A1AC7DC3900FD138A /* RootVC.m */,
				BC30CB8C1AC7DC4E00FD138A /* RefreshVC.h */,
				BC30CB8D1AC7DC4E00FD138A /* RefreshVC.m */,
			);
			path = Controllers;
			sourceTree = "<group>";
		};
		BC7C5FBE1AC7DADF0034C597 /* 发现 */ = {
			isa = PBXGroup;
			children = (
				BC30CB951AC7DC9E00FD138A /* DiscoveryVC.h */,
				BC30CB961AC7DC9E00FD138A /* DiscoveryVC.m */,
			);
			path = "发现";
			sourceTree = "<group>";
		};
		BC7C5FBF1AC7DADF0034C597 /* 团购 */ = {
			isa = PBXGroup;
			children = (
				BC30CB921AC7DC8700FD138A /* GroupVC.h */,
				BC30CB931AC7DC8700FD138A /* GroupVC.m */,
			);
			path = "团购";
			sourceTree = "<group>";
		};
		BC7C5FC01AC7DADF0034C597 /* 我的 */ = {
			isa = PBXGroup;
			children = (
				BC30CB981AC7DCBD00FD138A /* MineVC.h */,
				BC30CB991AC7DCBD00FD138A /* MineVC.m */,
			);
			path = "我的";
			sourceTree = "<group>";
		};
		BC7C5FC11AC7DADF0034C597 /* 首页 */ = {
			isa = PBXGroup;
			children = (
				BC30CB8F1AC7DC7300FD138A /* MainVC.h */,
				BC30CB901AC7DC7300FD138A /* MainVC.m */,
			);
			path = "首页";
			sourceTree = "<group>";
		};
		BCB516F11AC6A6EB004F206C = {
			isa = PBXGroup;
			children = (
				BC30CB9B1AC7E27D00FD138A /* images */,
				BC7C5FAD1AC7D8840034C597 /* Controllers */,
				BCB516FC1AC6A6EB004F206C /* 大众点评 */,
				BCB517161AC6A6EB004F206C /* 大众点评Tests */,
				BCB516FB1AC6A6EB004F206C /* Products */,
			);
			sourceTree = "<group>";
		};
		BCB516FB1AC6A6EB004F206C /* Products */ = {
			isa = PBXGroup;
			children = (
				BCB516FA1AC6A6EB004F206C /* 大众点评.app */,
				BCB517131AC6A6EB004F206C /* 大众点评Tests.xctest */,
			);
			name = Products;
			sourceTree = "<group>";
		};
		BCB516FC1AC6A6EB004F206C /* 大众点评 */ = {
			isa = PBXGroup;
			children = (
				BCB517011AC6A6EB004F206C /* AppDelegate.h */,
				BCB517021AC6A6EB004F206C /* AppDelegate.m */,
				BCB5170A1AC6A6EB004F206C /* Images.xcassets */,
				BCB5170C1AC6A6EB004F206C /* LaunchScreen.xib */,
				BCB516FD1AC6A6EB004F206C /* Supporting Files */,
			);
			path = "大众点评";
			sourceTree = "<group>";
		};
		BCB516FD1AC6A6EB004F206C /* Supporting Files */ = {
			isa = PBXGroup;
			children = (
				BCB516FE1AC6A6EB004F206C /* Info.plist */,
				BCB516FF1AC6A6EB004F206C /* main.m */,
			);
			name = "Supporting Files";
			sourceTree = "<group>";
		};
		BCB517161AC6A6EB004F206C /* 大众点评Tests */ = {
			isa = PBXGroup;
			children = (
				BCB517191AC6A6EB004F206C /* ____Tests.m */,
				BCB517171AC6A6EB004F206C /* Supporting Files */,
			);
			path = "大众点评Tests";
			sourceTree = "<group>";
		};
		BCB517171AC6A6EB004F206C /* Supporting Files */ = {
			isa = PBXGroup;
			children = (
				BCB517181AC6A6EB004F206C /* Info.plist */,
			);
			name = "Supporting Files";
			sourceTree = "<group>";
		};
/* End PBXGroup section */

/* Begin PBXNativeTarget section */
		BCB516F91AC6A6EB004F206C /* 大众点评 */ = {
			isa = PBXNativeTarget;
			buildConfigurationList = BCB5171D1AC6A6EB004F206C /* Build configuration list for PBXNativeTarget "大众点评" */;
			buildPhases = (
				BCB516F61AC6A6EB004F206C /* Sources */,
				BCB516F71AC6A6EB004F206C /* Frameworks */,
				BCB516F81AC6A6EB004F206C /* Resources */,
			);
			buildRules = (
			);
			dependencies = (
			);
			name = "大众点评";
			productName = "大众点评";
			productReference = BCB516FA1AC6A6EB004F206C /* 大众点评.app */;
			productType = "com.apple.product-type.application";
		};
		BCB517121AC6A6EB004F206C /* 大众点评Tests */ = {
			isa = PBXNativeTarget;
			buildConfigurationList = BCB517201AC6A6EB004F206C /* Build configuration list for PBXNativeTarget "大众点评Tests" */;
			buildPhases = (
				BCB5170F1AC6A6EB004F206C /* Sources */,
				BCB517101AC6A6EB004F206C /* Frameworks */,
				BCB517111AC6A6EB004F206C /* Resources */,
			);
			buildRules = (
			);
			dependencies = (
				BCB517151AC6A6EB004F206C /* PBXTargetDependency */,
			);
			name = "大众点评Tests";
			productName = "大众点评Tests";
			productReference = BCB517131AC6A6EB004F206C /* 大众点评Tests.xctest */;
			productType = "com.apple.product-type.bundle.unit-test";
		};
/* End PBXNativeTarget section */

/* Begin PBXProject section */
		BCB516F21AC6A6EB004F206C /* Project object */ = {
			isa = PBXProject;
			attributes = {
				LastUpgradeCheck = 0620;
				ORGANIZATIONNAME = "张维";
				TargetAttributes = {
					BCB516F91AC6A6EB004F206C = {
						CreatedOnToolsVersion = 6.2;
					};
					BCB517121AC6A6EB004F206C = {
						CreatedOnToolsVersion = 6.2;
						TestTargetID = BCB516F91AC6A6EB004F206C;
					};
				};
			};
			buildConfigurationList = BCB516F51AC6A6EB004F206C /* Build configuration list for PBXProject "大众点评" */;
			compatibilityVersion = "Xcode 3.2";
			developmentRegion = English;
			hasScannedForEncodings = 0;
			knownRegions = (
				en,
				Base,
			);
			mainGroup = BCB516F11AC6A6EB004F206C;
			productRefGroup = BCB516FB1AC6A6EB004F206C /* Products */;
			projectDirPath = "";
			projectRoot = "";
			targets = (
				BCB516F91AC6A6EB004F206C /* 大众点评 */,
				BCB517121AC6A6EB004F206C /* 大众点评Tests */,
			);
		};
/* End PBXProject section */

/* Begin PBXResourcesBuildPhase section */
		BCB516F81AC6A6EB004F206C /* Resources */ = {
			isa = PBXResourcesBuildPhase;
			buildActionMask = 2147483647;
			files = (
				BC30CBB61AC7E3F900FD138A /* home_footbar_icon_group_pressed@2x.png in Resources */,
				BCB5170E1AC6A6EB004F206C /* LaunchScreen.xib in Resources */,
				BC30CBB31AC7E3F900FD138A /* home_footbar_icon_found_pressed@3x.png in Resources */,
				BC30CBBD1AC7E3F900FD138A /* home_footbar_icon_my@3x.png in Resources */,
				BC30CBB41AC7E3F900FD138A /* home_footbar_icon_found@2x.png in Resources */,
				BC30CBB11AC7E3F900FD138A /* home_footbar_icon_dianping@3x.png in Resources */,
				BC30CBB51AC7E3F900FD138A /* home_footbar_icon_found@3x.png in Resources */,
				BC30CBB21AC7E3F900FD138A /* home_footbar_icon_found_pressed@2x.png in Resources */,
				BC30CBAE1AC7E3F900FD138A /* home_footbar_icon_dianping_pressed@2x.png in Resources */,
				BC30CBBB1AC7E3F900FD138A /* home_footbar_icon_my_pressed@3x.png in Resources */,
				BC30CBAF1AC7E3F900FD138A /* home_footbar_icon_dianping_pressed@3x.png in Resources */,
				BCB5170B1AC6A6EB004F206C /* Images.xcassets in Resources */,
				BC30CBB71AC7E3F900FD138A /* home_footbar_icon_group_pressed@3x.png in Resources */,
				BC30CBB81AC7E3F900FD138A /* home_footbar_icon_group@2x.png in Resources */,
				BC30CBBC1AC7E3F900FD138A /* home_footbar_icon_my@2x.png in Resources */,
				BC30CBBA1AC7E3F900FD138A /* home_footbar_icon_my_pressed@2x.png in Resources */,
				BC30CBB01AC7E3F900FD138A /* home_footbar_icon_dianping@2x.png in Resources */,
				BC30CBB91AC7E3F900FD138A /* home_footbar_icon_group@3x.png in Resources */,
			);
			runOnlyForDeploymentPostprocessing = 0;
		};
		BCB517111AC6A6EB004F206C /* Resources */ = {
			isa = PBXResourcesBuildPhase;
			buildActionMask = 2147483647;
			files = (
			);
			runOnlyForDeploymentPostprocessing = 0;
		};
/* End PBXResourcesBuildPhase section */

/* Begin PBXSourcesBuildPhase section */
		BCB516F61AC6A6EB004F206C /* Sources */ = {
			isa = PBXSourcesBuildPhase;
			buildActionMask = 2147483647;
			files = (
				BC30CB8E1AC7DC4E00FD138A /* RefreshVC.m in Sources */,
				BC7C5FBA1AC7DA350034C597 /* NavC.m in Sources */,
				BC30CB971AC7DC9E00FD138A /* DiscoveryVC.m in Sources */,
				BC30CB9A1AC7DCBD00FD138A /* MineVC.m in Sources */,
				BC30CB941AC7DC8700FD138A /* GroupVC.m in Sources */,
				BC30CB911AC7DC7300FD138A /* MainVC.m in Sources */,
				BCB517031AC6A6EB004F206C /* AppDelegate.m in Sources */,
				BC7C5FB71AC7DA0D0034C597 /* TabBarCon.m in Sources */,
				BC30CB8B1AC7DC3900FD138A /* RootVC.m in Sources */,
				BCB517001AC6A6EB004F206C /* main.m in Sources */,
			);
			runOnlyForDeploymentPostprocessing = 0;
		};
		BCB5170F1AC6A6EB004F206C /* Sources */ = {
			isa = PBXSourcesBuildPhase;
			buildActionMask = 2147483647;
			files = (
				BCB5171A1AC6A6EB004F206C /* ____Tests.m in Sources */,
			);
			runOnlyForDeploymentPostprocessing = 0;
		};
/* End PBXSourcesBuildPhase section */

/* Begin PBXTargetDependency section */
		BCB517151AC6A6EB004F206C /* PBXTargetDependency */ = {
			isa = PBXTargetDependency;
			target = BCB516F91AC6A6EB004F206C /* 大众点评 */;
			targetProxy = BCB517141AC6A6EB004F206C /* PBXContainerItemProxy */;
		};
/* End PBXTargetDependency section */

/* Begin PBXVariantGroup section */
		BCB5170C1AC6A6EB004F206C /* LaunchScreen.xib */ = {
			isa = PBXVariantGroup;
			children = (
				BCB5170D1AC6A6EB004F206C /* Base */,
			);
			name = LaunchScreen.xib;
			sourceTree = "<group>";
		};
/* End PBXVariantGroup section */

/* Begin XCBuildConfiguration section */
		BCB5171B1AC6A6EB004F206C /* Debug */ = {
			isa = XCBuildConfiguration;
			buildSettings = {
				ALWAYS_SEARCH_USER_PATHS = NO;
				CLANG_CXX_LANGUAGE_STANDARD = "gnu++0x";
				CLANG_CXX_LIBRARY = "libc++";
				CLANG_ENABLE_MODULES = YES;
				CLANG_ENABLE_OBJC_ARC = YES;
				CLANG_WARN_BOOL_CONVERSION = YES;
				CLANG_WARN_CONSTANT_CONVERSION = YES;
				CLANG_WARN_DIRECT_OBJC_ISA_USAGE = YES_ERROR;
				CLANG_WARN_EMPTY_BODY = YES;
				CLANG_WARN_ENUM_CONVERSION = YES;
				CLANG_WARN_INT_CONVERSION = YES;
				CLANG_WARN_OBJC_ROOT_CLASS = YES_ERROR;
				CLANG_WARN_UNREACHABLE_CODE = YES;
				CLANG_WARN__DUPLICATE_METHOD_MATCH = YES;
				"CODE_SIGN_IDENTITY[sdk=iphoneos*]" = "iPhone Developer";
				COPY_PHASE_STRIP = NO;
				ENABLE_STRICT_OBJC_MSGSEND = YES;
				GCC_C_LANGUAGE_STANDARD = gnu99;
				GCC_DYNAMIC_NO_PIC = NO;
				GCC_OPTIMIZATION_LEVEL = 0;
				GCC_PREPROCESSOR_DEFINITIONS = (
					"DEBUG=1",
					"$(inherited)",
				);
				GCC_SYMBOLS_PRIVATE_EXTERN = NO;
				GCC_WARN_64_TO_32_BIT_CONVERSION = YES;
				GCC_WARN_ABOUT_RETURN_TYPE = YES_ERROR;
				GCC_WARN_UNDECLARED_SELECTOR = YES;
				GCC_WARN_UNINITIALIZED_AUTOS = YES_AGGRESSIVE;
				GCC_WARN_UNUSED_FUNCTION = YES;
				GCC_WARN_UNUSED_VARIABLE = YES;
				IPHONEOS_DEPLOYMENT_TARGET = 8.2;
				MTL_ENABLE_DEBUG_INFO = YES;
				ONLY_ACTIVE_ARCH = YES;
				SDKROOT = iphoneos;
			};
			name = Debug;
		};
		BCB5171C1AC6A6EB004F206C /* Release */ = {
			isa = XCBuildConfiguration;
			buildSettings = {
				ALWAYS_SEARCH_USER_PATHS = NO;
				CLANG_CXX_LANGUAGE_STANDARD = "gnu++0x";
				CLANG_CXX_LIBRARY = "libc++";
				CLANG_ENABLE_MODULES = YES;
				CLANG_ENABLE_OBJC_ARC = YES;
				CLANG_WARN_BOOL_CONVERSION = YES;
				CLANG_WARN_CONSTANT_CONVERSION = YES;
				CLANG_WARN_DIRECT_OBJC_ISA_USAGE = YES_ERROR;
				CLANG_WARN_EMPTY_BODY = YES;
				CLANG_WARN_ENUM_CONVERSION = YES;
				CLANG_WARN_INT_CONVERSION = YES;
				CLANG_WARN_OBJC_ROOT_CLASS = YES_ERROR;
				CLANG_WARN_UNREACHABLE_CODE = YES;
				CLANG_WARN__DUPLICATE_METHOD_MATCH = YES;
				"CODE_SIGN_IDENTITY[sdk=iphoneos*]" = "iPhone Developer";
				COPY_PHASE_STRIP = NO;
				ENABLE_NS_ASSERTIONS = NO;
				ENABLE_STRICT_OBJC_MSGSEND = YES;
				GCC_C_LANGUAGE_STANDARD = gnu99;
				GCC_WARN_64_TO_32_BIT_CONVERSION = YES;
				GCC_WARN_ABOUT_RETURN_TYPE = YES_ERROR;
				GCC_WARN_UNDECLARED_SELECTOR = YES;
				GCC_WARN_UNINITIALIZED_AUTOS = YES_AGGRESSIVE;
				GCC_WARN_UNUSED_FUNCTION = YES;
				GCC_WARN_UNUSED_VARIABLE = YES;
				IPHONEOS_DEPLOYMENT_TARGET = 8.2;
				MTL_ENABLE_DEBUG_INFO = NO;
				SDKROOT = iphoneos;
				VALIDATE_PRODUCT = YES;
			};
			name = Release;
		};
		BCB5171E1AC6A6EB004F206C /* Debug */ = {
			isa = XCBuildConfiguration;
			buildSettings = {
				ASSETCATALOG_COMPILER_APPICON_NAME = AppIcon;
				CLANG_ENABLE_OBJC_ARC = NO;
				INFOPLIST_FILE = "大众点评/Info.plist";
				LD_RUNPATH_SEARCH_PATHS = "$(inherited) @executable_path/Frameworks";
				PRODUCT_NAME = "$(TARGET_NAME)";
			};
			name = Debug;
		};
		BCB5171F1AC6A6EB004F206C /* Release */ = {
			isa = XCBuildConfiguration;
			buildSettings = {
				ASSETCATALOG_COMPILER_APPICON_NAME = AppIcon;
				CLANG_ENABLE_OBJC_ARC = NO;
				INFOPLIST_FILE = "大众点评/Info.plist";
				LD_RUNPATH_SEARCH_PATHS = "$(inherited) @executable_path/Frameworks";
				PRODUCT_NAME = "$(TARGET_NAME)";
			};
			name = Release;
		};
		BCB517211AC6A6EB004F206C /* Debug */ = {
			isa = XCBuildConfiguration;
			buildSettings = {
				BUNDLE_LOADER = "$(TEST_HOST)";
				FRAMEWORK_SEARCH_PATHS = (
					"$(SDKROOT)/Developer/Library/Frameworks",
					"$(inherited)",
				);
				GCC_PREPROCESSOR_DEFINITIONS = (
					"DEBUG=1",
					"$(inherited)",
				);
				INFOPLIST_FILE = "大众点评Tests/Info.plist";
				LD_RUNPATH_SEARCH_PATHS = "$(inherited) @executable_path/Frameworks @loader_path/Frameworks";
				PRODUCT_NAME = "$(TARGET_NAME)";
				TEST_HOST = "$(BUILT_PRODUCTS_DIR)/大众点评.app/大众点评";
			};
			name = Debug;
		};
		BCB517221AC6A6EB004F206C /* Release */ = {
			isa = XCBuildConfiguration;
			buildSettings = {
				BUNDLE_LOADER = "$(TEST_HOST)";
				FRAMEWORK_SEARCH_PATHS = (
					"$(SDKROOT)/Developer/Library/Frameworks",
					"$(inherited)",
				);
				INFOPLIST_FILE = "大众点评Tests/Info.plist";
				LD_RUNPATH_SEARCH_PATHS = "$(inherited) @executable_path/Frameworks @loader_path/Frameworks";
				PRODUCT_NAME = "$(TARGET_NAME)";
				TEST_HOST = "$(BUILT_PRODUCTS_DIR)/大众点评.app/大众点评";
			};
			name = Release;
		};
/* End XCBuildConfiguration section */

/* Begin XCConfigurationList section */
		BCB516F51AC6A6EB004F206C /* Build configuration list for PBXProject "大众点评" */ = {
			isa = XCConfigurationList;
			buildConfigurations = (
				BCB5171B1AC6A6EB004F206C /* Debug */,
				BCB5171C1AC6A6EB004F206C /* Release */,
			);
			defaultConfigurationIsVisible = 0;
			defaultConfigurationName = Release;
		};
		BCB5171D1AC6A6EB004F206C /* Build configuration list for PBXNativeTarget "大众点评" */ = {
			isa = XCConfigurationList;
			buildConfigurations = (
				BCB5171E1AC6A6EB004F206C /* Debug */,
				BCB5171F1AC6A6EB004F206C /* Release */,
			);
			defaultConfigurationIsVisible = 0;
			defaultConfigurationName = Release;
		};
		BCB517201AC6A6EB004F206C /* Build configuration list for PBXNativeTarget "大众点评Tests" */ = {
			isa = XCConfigurationList;
			buildConfigurations = (
				BCB517211AC6A6EB004F206C /* Debug */,
				BCB517221AC6A6EB004F206C /* Release */,
			);
			defaultConfigurationIsVisible = 0;
			defaultConfigurationName = Release;
		};
/* End XCConfigurationList section */
	};
	rootObject = BCB516F21AC6A6EB004F206C /* Project object */;
}
